// !$*UTF8*$!
{
	archiveVersion = 1;
	classes = {
	};
	objectVersion = 77;
	objects = {

/* Begin PBXBuildFile section */
		3E7E708E2E022FC500E5E93F /* FirebaseAuth in Frameworks */ = {isa = PBXBuildFile; productRef = 3E7E708D2E022FC500E5E93F /* FirebaseAuth */; };
		3E7E70BA2E024E7D00E5E93F /* IQKeyboardManagerSwift in Frameworks */ = {isa = PBXBuildFile; productRef = 3E7E70B92E024E7D00E5E93F /* IQKeyboardManagerSwift */; };
		3E7E70C22E02529400E5E93F /* Alamofire in Frameworks */ = {isa = PBXBuildFile; productRef = 3E7E70C12E02529400E5E93F /* Alamofire */; };
/* End PBXBuildFile section */

/* Begin PBXContainerItemProxy section */
		3E80EF9C2E02264F007AA9BE /* PBXContainerItemProxy */ = {
			isa = PBXContainerItemProxy;
			containerPortal = 3E80EF7D2E02264D007AA9BE /* Project object */;
			proxyType = 1;
			remoteGlobalIDString = 3E80EF842E02264D007AA9BE;
			remoteInfo = "Karma Farm";
		};
		3E80EFA62E02264F007AA9BE /* PBXContainerItemProxy */ = {
			isa = PBXContainerItemProxy;
			containerPortal = 3E80EF7D2E02264D007AA9BE /* Project object */;
			proxyType = 1;
			remoteGlobalIDString = 3E80EF842E02264D007AA9BE;
			remoteInfo = "Karma Farm";
		};
/* End PBXContainerItemProxy section */

/* Begin PBXFileReference section */
		3E80EF852E02264D007AA9BE /* Karma Farm.app */ = {isa = PBXFileReference; explicitFileType = wrapper.application; includeInIndex = 0; path = "Karma Farm.app"; sourceTree = BUILT_PRODUCTS_DIR; };
		3E80EF9B2E02264F007AA9BE /* Karma FarmTests.xctest */ = {isa = PBXFileReference; explicitFileType = wrapper.cfbundle; includeInIndex = 0; path = "Karma FarmTests.xctest"; sourceTree = BUILT_PRODUCTS_DIR; };
		3E80EFA52E02264F007AA9BE /* Karma FarmUITests.xctest */ = {isa = PBXFileReference; explicitFileType = wrapper.cfbundle; includeInIndex = 0; path = "Karma FarmUITests.xctest"; sourceTree = BUILT_PRODUCTS_DIR; };
/* End PBXFileReference section */

/* Begin PBXFileSystemSynchronizedRootGroup section */
		3E80EF872E02264D007AA9BE /* Karma Farm */ = {
			isa = PBXFileSystemSynchronizedRootGroup;
			path = "Karma Farm";
			sourceTree = "<group>";
		};
		3E80EF9E2E02264F007AA9BE /* Karma FarmTests */ = {
			isa = PBXFileSystemSynchronizedRootGroup;
			path = "Karma FarmTests";
			sourceTree = "<group>";
		};
		3E80EFA82E02264F007AA9BE /* Karma FarmUITests */ = {
			isa = PBXFileSystemSynchronizedRootGroup;
			path = "Karma FarmUITests";
			sourceTree = "<group>";
		};
/* End PBXFileSystemSynchronizedRootGroup section */

/* Begin PBXFrameworksBuildPhase section */
		3E80EF822E02264D007AA9BE /* Frameworks */ = {
			isa = PBXFrameworksBuildPhase;
			buildActionMask = 2147483647;
			files = (
				3E7E70C22E02529400E5E93F /* Alamofire in Frameworks */,
				3E7E708E2E022FC500E5E93F /* FirebaseAuth in Frameworks */,
				3E7E70BA2E024E7D00E5E93F /* IQKeyboardManagerSwift in Frameworks */,
			);
			runOnlyForDeploymentPostprocessing = 0;
		};
		3E80EF982E02264F007AA9BE /* Frameworks */ = {
			isa = PBXFrameworksBuildPhase;
			buildActionMask = 2147483647;
			files = (
			);
			runOnlyForDeploymentPostprocessing = 0;
		};
		3E80EFA22E02264F007AA9BE /* Frameworks */ = {
			isa = PBXFrameworksBuildPhase;
			buildActionMask = 2147483647;
			files = (
			);
			runOnlyForDeploymentPostprocessing = 0;
		};
/* End PBXFrameworksBuildPhase section */

/* Begin PBXGroup section */
		3E80EF7C2E02264D007AA9BE = {
			isa = PBXGroup;
			children = (
				3E80EF872E02264D007AA9BE /* Karma Farm */,
				3E80EF9E2E02264F007AA9BE /* Karma FarmTests */,
				3E80EFA82E02264F007AA9BE /* Karma FarmUITests */,
				3E80EF862E02264D007AA9BE /* Products */,
			);
			sourceTree = "<group>";
		};
		3E80EF862E02264D007AA9BE /* Products */ = {
			isa = PBXGroup;
			children = (
				3E80EF852E02264D007AA9BE /* Karma Farm.app */,
				3E80EF9B2E02264F007AA9BE /* Karma FarmTests.xctest */,
				3E80EFA52E02264F007AA9BE /* Karma FarmUITests.xctest */,
			);
			name = Products;
			sourceTree = "<group>";
		};
/* End PBXGroup section */

/* Begin PBXNativeTarget section */
		3E80EF842E02264D007AA9BE /* Karma Farm */ = {
			isa = PBXNativeTarget;
			buildConfigurationList = 3E80EFAF2E02264F007AA9BE /* Build configuration list for PBXNativeTarget "Karma Farm" */;
			buildPhases = (
				3E80EF812E02264D007AA9BE /* Sources */,
				3E80EF822E02264D007AA9BE /* Frameworks */,
				3E80EF832E02264D007AA9BE /* Resources */,
			);
			buildRules = (
			);
			dependencies = (
			);
			fileSystemSynchronizedGroups = (
				3E80EF872E02264D007AA9BE /* Karma Farm */,
			);
			name = "Karma Farm";
			packageProductDependencies = (
				3E7E708D2E022FC500E5E93F /* FirebaseAuth */,
				3E7E70B92E024E7D00E5E93F /* IQKeyboardManagerSwift */,
				3E7E70C12E02529400E5E93F /* Alamofire */,
			);
			productName = "Karma Farm";
			productReference = 3E80EF852E02264D007AA9BE /* Karma Farm.app */;
			productType = "com.apple.product-type.application";
		};
		3E80EF9A2E02264F007AA9BE /* Karma FarmTests */ = {
			isa = PBXNativeTarget;
			buildConfigurationList = 3E80EFB22E02264F007AA9BE /* Build configuration list for PBXNativeTarget "Karma FarmTests" */;
			buildPhases = (
				3E80EF972E02264F007AA9BE /* Sources */,
				3E80EF982E02264F007AA9BE /* Frameworks */,
				3E80EF992E02264F007AA9BE /* Resources */,
			);
			buildRules = (
			);
			dependencies = (
				3E80EF9D2E02264F007AA9BE /* PBXTargetDependency */,
			);
			fileSystemSynchronizedGroups = (
				3E80EF9E2E02264F007AA9BE /* Karma FarmTests */,
			);
			name = "Karma FarmTests";
			packageProductDependencies = (
			);
			productName = "Karma FarmTests";
			productReference = 3E80EF9B2E02264F007AA9BE /* Karma FarmTests.xctest */;
			productType = "com.apple.product-type.bundle.unit-test";
		};
		3E80EFA42E02264F007AA9BE /* Karma FarmUITests */ = {
			isa = PBXNativeTarget;
			buildConfigurationList = 3E80EFB52E02264F007AA9BE /* Build configuration list for PBXNativeTarget "Karma FarmUITests" */;
			buildPhases = (
				3E80EFA12E02264F007AA9BE /* Sources */,
				3E80EFA22E02264F007AA9BE /* Frameworks */,
				3E80EFA32E02264F007AA9BE /* Resources */,
			);
			buildRules = (
			);
			dependencies = (
				3E80EFA72E02264F007AA9BE /* PBXTargetDependency */,
			);
			fileSystemSynchronizedGroups = (
				3E80EFA82E02264F007AA9BE /* Karma FarmUITests */,
			);
			name = "Karma FarmUITests";
			packageProductDependencies = (
			);
			productName = "Karma FarmUITests";
			productReference = 3E80EFA52E02264F007AA9BE /* Karma FarmUITests.xctest */;
			productType = "com.apple.product-type.bundle.ui-testing";
		};
/* End PBXNativeTarget section */

/* Begin PBXProject section */
		3E80EF7D2E02264D007AA9BE /* Project object */ = {
			isa = PBXProject;
			attributes = {
				BuildIndependentTargetsInParallel = 1;
				LastSwiftUpdateCheck = 1620;
				LastUpgradeCheck = 1620;
				TargetAttributes = {
					3E80EF842E02264D007AA9BE = {
						CreatedOnToolsVersion = 16.2;
					};
					3E80EF9A2E02264F007AA9BE = {
						CreatedOnToolsVersion = 16.2;
						TestTargetID = 3E80EF842E02264D007AA9BE;
					};
					3E80EFA42E02264F007AA9BE = {
						CreatedOnToolsVersion = 16.2;
						TestTargetID = 3E80EF842E02264D007AA9BE;
					};
				};
			};
			buildConfigurationList = 3E80EF802E02264D007AA9BE /* Build configuration list for PBXProject "Karma Farm" */;
			developmentRegion = en;
			hasScannedForEncodings = 0;
			knownRegions = (
				en,
				Base,
			);
			mainGroup = 3E80EF7C2E02264D007AA9BE;
			minimizedProjectReferenceProxies = 1;
			packageReferences = (
				3E7E708C2E022FC500E5E93F /* XCRemoteSwiftPackageReference "firebase-ios-sdk" */,
				3E7E70972E02344C00E5E93F /* XCRemoteSwiftPackageReference "IQKeyboardManager" */,
				3E7E70C02E02529400E5E93F /* XCRemoteSwiftPackageReference "Alamofire" */,
			);
			preferredProjectObjectVersion = 77;
			productRefGroup = 3E80EF862E02264D007AA9BE /* Products */;
			projectDirPath = "";
			projectRoot = "";
			targets = (
				3E80EF842E02264D007AA9BE /* Karma Farm */,
				3E80EF9A2E02264F007AA9BE /* Karma FarmTests */,
				3E80EFA42E02264F007AA9BE /* Karma FarmUITests */,
			);
		};
/* End PBXProject section */

/* Begin PBXResourcesBuildPhase section */
		3E80EF832E02264D007AA9BE /* Resources */ = {
			isa = PBXResourcesBuildPhase;
			buildActionMask = 2147483647;
			files = (
			);
			runOnlyForDeploymentPostprocessing = 0;
		};
		3E80EF992E02264F007AA9BE /* Resources */ = {
			isa = PBXResourcesBuildPhase;
			buildActionMask = 2147483647;
			files = (
			);
			runOnlyForDeploymentPostprocessing = 0;
		};
		3E80EFA32E02264F007AA9BE /* Resources */ = {
			isa = PBXResourcesBuildPhase;
			buildActionMask = 2147483647;
			files = (
			);
			runOnlyForDeploymentPostprocessing = 0;
		};
/* End PBXResourcesBuildPhase section */

/* Begin PBXSourcesBuildPhase section */
		3E80EF812E02264D007AA9BE /* Sources */ = {
			isa = PBXSourcesBuildPhase;
			buildActionMask = 2147483647;
			files = (
			);
			runOnlyForDeploymentPostprocessing = 0;
		};
		3E80EF972E02264F007AA9BE /* Sources */ = {
			isa = PBXSourcesBuildPhase;
			buildActionMask = 2147483647;
			files = (
			);
			runOnlyForDeploymentPostprocessing = 0;
		};
		3E80EFA12E02264F007AA9BE /* Sources */ = {
			isa = PBXSourcesBuildPhase;
			buildActionMask = 2147483647;
			files = (
			);
			runOnlyForDeploymentPostprocessing = 0;
		};
/* End PBXSourcesBuildPhase section */

/* Begin PBXTargetDependency section */
		3E80EF9D2E02264F007AA9BE /* PBXTargetDependency */ = {
			isa = PBXTargetDependency;
			target = 3E80EF842E02264D007AA9BE /* Karma Farm */;
			targetProxy = 3E80EF9C2E02264F007AA9BE /* PBXContainerItemProxy */;
		};
		3E80EFA72E02264F007AA9BE /* PBXTargetDependency */ = {
			isa = PBXTargetDependency;
			target = 3E80EF842E02264D007AA9BE /* Karma Farm */;
			targetProxy = 3E80EFA62E02264F007AA9BE /* PBXContainerItemProxy */;
		};
/* End PBXTargetDependency section */

/* Begin XCBuildConfiguration section */
		3E80EFAD2E02264F007AA9BE /* Debug */ = {
			isa = XCBuildConfiguration;
			buildSettings = {
				ALWAYS_SEARCH_USER_PATHS = NO;
				ASSETCATALOG_COMPILER_GENERATE_SWIFT_ASSET_SYMBOL_EXTENSIONS = YES;
				CLANG_ANALYZER_NONNULL = YES;
				CLANG_ANALYZER_NUMBER_OBJECT_CONVERSION = YES_AGGRESSIVE;
				CLANG_CXX_LANGUAGE_STANDARD = "gnu++20";
				CLANG_ENABLE_MODULES = YES;
				CLANG_ENABLE_OBJC_ARC = YES;
				CLANG_ENABLE_OBJC_WEAK = YES;
				CLANG_WARN_BLOCK_CAPTURE_AUTORELEASING = YES;
				CLANG_WARN_BOOL_CONVERSION = YES;
				CLANG_WARN_COMMA = YES;
				CLANG_WARN_CONSTANT_CONVERSION = YES;
				CLANG_WARN_DEPRECATED_OBJC_IMPLEMENTATIONS = YES;
				CLANG_WARN_DIRECT_OBJC_ISA_USAGE = YES_ERROR;
				CLANG_WARN_DOCUMENTATION_COMMENTS = YES;
				CLANG_WARN_EMPTY_BODY = YES;
				CLANG_WARN_ENUM_CONVERSION = YES;
				CLANG_WARN_INFINITE_RECURSION = YES;
				CLANG_WARN_INT_CONVERSION = YES;
				CLANG_WARN_NON_LITERAL_NULL_CONVERSION = YES;
				CLANG_WARN_OBJC_IMPLICIT_RETAIN_SELF = YES;
				CLANG_WARN_OBJC_LITERAL_CONVERSION = YES;
				CLANG_WARN_OBJC_ROOT_CLASS = YES_ERROR;
				CLANG_WARN_QUOTED_INCLUDE_IN_FRAMEWORK_HEADER = YES;
				CLANG_WARN_RANGE_LOOP_ANALYSIS = YES;
				CLANG_WARN_STRICT_PROTOTYPES = YES;
				CLANG_WARN_SUSPICIOUS_MOVE = YES;
				CLANG_WARN_UNGUARDED_AVAILABILITY = YES_AGGRESSIVE;
				CLANG_WARN_UNREACHABLE_CODE = YES;
				CLANG_WARN__DUPLICATE_METHOD_MATCH = YES;
				COPY_PHASE_STRIP = NO;
				DEBUG_INFORMATION_FORMAT = dwarf;
				ENABLE_STRICT_OBJC_MSGSEND = YES;
				ENABLE_TESTABILITY = YES;
				ENABLE_USER_SCRIPT_SANDBOXING = YES;
				GCC_C_LANGUAGE_STANDARD = gnu17;
				GCC_DYNAMIC_NO_PIC = NO;
				GCC_NO_COMMON_BLOCKS = YES;
				GCC_OPTIMIZATION_LEVEL = 0;
				GCC_PREPROCESSOR_DEFINITIONS = (
					"DEBUG=1",
					"$(inherited)",
				);
				GCC_WARN_64_TO_32_BIT_CONVERSION = YES;
				GCC_WARN_ABOUT_RETURN_TYPE = YES_ERROR;
				GCC_WARN_UNDECLARED_SELECTOR = YES;
				GCC_WARN_UNINITIALIZED_AUTOS = YES_AGGRESSIVE;
				GCC_WARN_UNUSED_FUNCTION = YES;
				GCC_WARN_UNUSED_VARIABLE = YES;
				LOCALIZATION_PREFERS_STRING_CATALOGS = YES;
				MTL_ENABLE_DEBUG_INFO = INCLUDE_SOURCE;
				MTL_FAST_MATH = YES;
				ONLY_ACTIVE_ARCH = YES;
				SWIFT_ACTIVE_COMPILATION_CONDITIONS = "DEBUG $(inherited)";
				SWIFT_OPTIMIZATION_LEVEL = "-Onone";
			};
			name = Debug;
		};
		3E80EFAE2E02264F007AA9BE /* Release */ = {
			isa = XCBuildConfiguration;
			buildSettings = {
				ALWAYS_SEARCH_USER_PATHS = NO;
				ASSETCATALOG_COMPILER_GENERATE_SWIFT_ASSET_SYMBOL_EXTENSIONS = YES;
				CLANG_ANALYZER_NONNULL = YES;
				CLANG_ANALYZER_NUMBER_OBJECT_CONVERSION = YES_AGGRESSIVE;
				CLANG_CXX_LANGUAGE_STANDARD = "gnu++20";
				CLANG_ENABLE_MODULES = YES;
				CLANG_ENABLE_OBJC_ARC = YES;
				CLANG_ENABLE_OBJC_WEAK = YES;
				CLANG_WARN_BLOCK_CAPTURE_AUTORELEASING = YES;
				CLANG_WARN_BOOL_CONVERSION = YES;
				CLANG_WARN_COMMA = YES;
				CLANG_WARN_CONSTANT_CONVERSION = YES;
				CLANG_WARN_DEPRECATED_OBJC_IMPLEMENTATIONS = YES;
				CLANG_WARN_DIRECT_OBJC_ISA_USAGE = YES_ERROR;
				CLANG_WARN_DOCUMENTATION_COMMENTS = YES;
				CLANG_WARN_EMPTY_BODY = YES;
				CLANG_WARN_ENUM_CONVERSION = YES;
				CLANG_WARN_INFINITE_RECURSION = YES;
				CLANG_WARN_INT_CONVERSION = YES;
				CLANG_WARN_NON_LITERAL_NULL_CONVERSION = YES;
				CLANG_WARN_OBJC_IMPLICIT_RETAIN_SELF = YES;
				CLANG_WARN_OBJC_LITERAL_CONVERSION = YES;
				CLANG_WARN_OBJC_ROOT_CLASS = YES_ERROR;
				CLANG_WARN_QUOTED_INCLUDE_IN_FRAMEWORK_HEADER = YES;
				CLANG_WARN_RANGE_LOOP_ANALYSIS = YES;
				CLANG_WARN_STRICT_PROTOTYPES = YES;
				CLANG_WARN_SUSPICIOUS_MOVE = YES;
				CLANG_WARN_UNGUARDED_AVAILABILITY = YES_AGGRESSIVE;
				CLANG_WARN_UNREACHABLE_CODE = YES;
				CLANG_WARN__DUPLICATE_METHOD_MATCH = YES;
				COPY_PHASE_STRIP = NO;
				DEBUG_INFORMATION_FORMAT = "dwarf-with-dsym";
				ENABLE_NS_ASSERTIONS = NO;
				ENABLE_STRICT_OBJC_MSGSEND = YES;
				ENABLE_USER_SCRIPT_SANDBOXING = YES;
				GCC_C_LANGUAGE_STANDARD = gnu17;
				GCC_NO_COMMON_BLOCKS = YES;
				GCC_WARN_64_TO_32_BIT_CONVERSION = YES;
				GCC_WARN_ABOUT_RETURN_TYPE = YES_ERROR;
				GCC_WARN_UNDECLARED_SELECTOR = YES;
				GCC_WARN_UNINITIALIZED_AUTOS = YES_AGGRESSIVE;
				GCC_WARN_UNUSED_FUNCTION = YES;
				GCC_WARN_UNUSED_VARIABLE = YES;
				LOCALIZATION_PREFERS_STRING_CATALOGS = YES;
				MTL_ENABLE_DEBUG_INFO = NO;
				MTL_FAST_MATH = YES;
				SWIFT_COMPILATION_MODE = wholemodule;
			};
			name = Release;
		};
		3E80EFB02E02264F007AA9BE /* Debug */ = {
			isa = XCBuildConfiguration;
			buildSettings = {
				ASSETCATALOG_COMPILER_APPICON_NAME = AppIcon;
				ASSETCATALOG_COMPILER_GLOBAL_ACCENT_COLOR_NAME = AccentColor;
				CODE_SIGN_ENTITLEMENTS = "Karma Farm/Karma_Farm.entitlements";
				"CODE_SIGN_IDENTITY[sdk=macosx*]" = "Apple Development";
				CODE_SIGN_STYLE = Automatic;
				CURRENT_PROJECT_VERSION = 1;
				DEVELOPMENT_ASSET_PATHS = "\"Karma Farm/Preview Content\"";
				DEVELOPMENT_TEAM = 679K683SQ5;
				ENABLE_PREVIEWS = YES;
				GENERATE_INFOPLIST_FILE = YES;
				INFOPLIST_FILE = "Karma-Farm-Info.plist";
				INFOPLIST_KEY_CFBundleDisplayName = "Karma Farm";
				INFOPLIST_KEY_LSApplicationCategoryType = "public.app-category.social-networking";
				"INFOPLIST_KEY_UIApplicationSceneManifest_Generation[sdk=iphoneos*]" = YES;
				"INFOPLIST_KEY_UIApplicationSceneManifest_Generation[sdk=iphonesimulator*]" = YES;
				"INFOPLIST_KEY_UIApplicationSupportsIndirectInputEvents[sdk=iphoneos*]" = YES;
				"INFOPLIST_KEY_UIApplicationSupportsIndirectInputEvents[sdk=iphonesimulator*]" = YES;
				"INFOPLIST_KEY_UILaunchScreen_Generation[sdk=iphoneos*]" = YES;
				"INFOPLIST_KEY_UILaunchScreen_Generation[sdk=iphonesimulator*]" = YES;
				"INFOPLIST_KEY_UIStatusBarStyle[sdk=iphoneos*]" = UIStatusBarStyleDefault;
				"INFOPLIST_KEY_UIStatusBarStyle[sdk=iphonesimulator*]" = UIStatusBarStyleDefault;
				INFOPLIST_KEY_UISupportedInterfaceOrientations_iPad = "UIInterfaceOrientationPortrait UIInterfaceOrientationPortraitUpsideDown UIInterfaceOrientationLandscapeLeft UIInterfaceOrientationLandscapeRight";
				INFOPLIST_KEY_UISupportedInterfaceOrientations_iPhone = "UIInterfaceOrientationPortrait UIInterfaceOrientationLandscapeLeft UIInterfaceOrientationLandscapeRight";
				IPHONEOS_DEPLOYMENT_TARGET = 16.6;
				LD_RUNPATH_SEARCH_PATHS = "@executable_path/Frameworks";
				"LD_RUNPATH_SEARCH_PATHS[sdk=macosx*]" = "@executable_path/../Frameworks";
				MACOSX_DEPLOYMENT_TARGET = 14.5;
				MARKETING_VERSION = 1.0;
				PRODUCT_BUNDLE_IDENTIFIER = "com.tobiasfu.karma-farm";
				PRODUCT_NAME = "$(TARGET_NAME)";
				SDKROOT = auto;
				SUPPORTED_PLATFORMS = "iphoneos iphonesimulator macosx xros xrsimulator";
				SWIFT_EMIT_LOC_STRINGS = YES;
				SWIFT_VERSION = 5.0;
				TARGETED_DEVICE_FAMILY = "1,2,7";
				XROS_DEPLOYMENT_TARGET = 2.2;
			};
			name = Debug;
		};
		3E80EFB12E02264F007AA9BE /* Release */ = {
			isa = XCBuildConfiguration;
			buildSettings = {
				ASSETCATALOG_COMPILER_APPICON_NAME = AppIcon;
				ASSETCATALOG_COMPILER_GLOBAL_ACCENT_COLOR_NAME = AccentColor;
				CODE_SIGN_ENTITLEMENTS = "Karma Farm/Karma_Farm.entitlements";
				"CODE_SIGN_IDENTITY[sdk=macosx*]" = "Apple Development";
				CODE_SIGN_STYLE = Automatic;
				CURRENT_PROJECT_VERSION = 1;
				DEVELOPMENT_ASSET_PATHS = "\"Karma Farm/Preview Content\"";
				DEVELOPMENT_TEAM = 679K683SQ5;
				ENABLE_PREVIEWS = YES;
				GENERATE_INFOPLIST_FILE = YES;
				INFOPLIST_FILE = "Karma-Farm-Info.plist";
				INFOPLIST_KEY_CFBundleDisplayName = "Karma Farm";
				INFOPLIST_KEY_LSApplicationCategoryType = "public.app-category.social-networking";
				"INFOPLIST_KEY_UIApplicationSceneManifest_Generation[sdk=iphoneos*]" = YES;
				"INFOPLIST_KEY_UIApplicationSceneManifest_Generation[sdk=iphonesimulator*]" = YES;
				"INFOPLIST_KEY_UIApplicationSupportsIndirectInputEvents[sdk=iphoneos*]" = YES;
				"INFOPLIST_KEY_UIApplicationSupportsIndirectInputEvents[sdk=iphonesimulator*]" = YES;
				"INFOPLIST_KEY_UILaunchScreen_Generation[sdk=iphoneos*]" = YES;
				"INFOPLIST_KEY_UILaunchScreen_Generation[sdk=iphonesimulator*]" = YES;
				"INFOPLIST_KEY_UIStatusBarStyle[sdk=iphoneos*]" = UIStatusBarStyleDefault;
				"INFOPLIST_KEY_UIStatusBarStyle[sdk=iphonesimulator*]" = UIStatusBarStyleDefault;
				INFOPLIST_KEY_UISupportedInterfaceOrientations_iPad = "UIInterfaceOrientationPortrait UIInterfaceOrientationPortraitUpsideDown UIInterfaceOrientationLandscapeLeft UIInterfaceOrientationLandscapeRight";
				INFOPLIST_KEY_UISupportedInterfaceOrientations_iPhone = "UIInterfaceOrientationPortrait UIInterfaceOrientationLandscapeLeft UIInterfaceOrientationLandscapeRight";
				IPHONEOS_DEPLOYMENT_TARGET = 16.6;
				LD_RUNPATH_SEARCH_PATHS = "@executable_path/Frameworks";
				"LD_RUNPATH_SEARCH_PATHS[sdk=macosx*]" = "@executable_path/../Frameworks";
				MACOSX_DEPLOYMENT_TARGET = 14.5;
				MARKETING_VERSION = 1.0;
				PRODUCT_BUNDLE_IDENTIFIER = "com.tobiasfu.karma-farm";
				PRODUCT_NAME = "$(TARGET_NAME)";
				SDKROOT = auto;
				SUPPORTED_PLATFORMS = "iphoneos iphonesimulator macosx xros xrsimulator";
				SWIFT_EMIT_LOC_STRINGS = YES;
				SWIFT_VERSION = 5.0;
				TARGETED_DEVICE_FAMILY = "1,2,7";
				XROS_DEPLOYMENT_TARGET = 2.2;
			};
			name = Release;
		};
		3E80EFB32E02264F007AA9BE /* Debug */ = {
			isa = XCBuildConfiguration;
			buildSettings = {
				BUNDLE_LOADER = "$(TEST_HOST)";
				CODE_SIGN_STYLE = Automatic;
				CURRENT_PROJECT_VERSION = 1;
				GENERATE_INFOPLIST_FILE = YES;
				IPHONEOS_DEPLOYMENT_TARGET = 18.2;
				MACOSX_DEPLOYMENT_TARGET = 14.5;
				MARKETING_VERSION = 1.0;
				PRODUCT_BUNDLE_IDENTIFIER = "com.tobiasfu.Karma-FarmTests";
				PRODUCT_NAME = "$(TARGET_NAME)";
				SDKROOT = auto;
				SUPPORTED_PLATFORMS = "iphoneos iphonesimulator macosx xros xrsimulator";
				SWIFT_EMIT_LOC_STRINGS = NO;
				SWIFT_VERSION = 5.0;
				TARGETED_DEVICE_FAMILY = "1,2,7";
				TEST_HOST = "$(BUILT_PRODUCTS_DIR)/Karma Farm.app/$(BUNDLE_EXECUTABLE_FOLDER_PATH)/Karma Farm";
				XROS_DEPLOYMENT_TARGET = 2.2;
			};
			name = Debug;
		};
		3E80EFB42E02264F007AA9BE /* Release */ = {
			isa = XCBuildConfiguration;
			buildSettings = {
				BUNDLE_LOADER = "$(TEST_HOST)";
				CODE_SIGN_STYLE = Automatic;
				CURRENT_PROJECT_VERSION = 1;
				GENERATE_INFOPLIST_FILE = YES;
				IPHONEOS_DEPLOYMENT_TARGET = 18.2;
				MACOSX_DEPLOYMENT_TARGET = 14.5;
				MARKETING_VERSION = 1.0;
				PRODUCT_BUNDLE_IDENTIFIER = "com.tobiasfu.Karma-FarmTests";
				PRODUCT_NAME = "$(TARGET_NAME)";
				SDKROOT = auto;
				SUPPORTED_PLATFORMS = "iphoneos iphonesimulator macosx xros xrsimulator";
				SWIFT_EMIT_LOC_STRINGS = NO;
				SWIFT_VERSION = 5.0;
				TARGETED_DEVICE_FAMILY = "1,2,7";
				TEST_HOST = "$(BUILT_PRODUCTS_DIR)/Karma Farm.app/$(BUNDLE_EXECUTABLE_FOLDER_PATH)/Karma Farm";
				XROS_DEPLOYMENT_TARGET = 2.2;
			};
			name = Release;
		};
		3E80EFB62E02264F007AA9BE /* Debug */ = {
			isa = XCBuildConfiguration;
			buildSettings = {
				CODE_SIGN_STYLE = Automatic;
				CURRENT_PROJECT_VERSION = 1;
				GENERATE_INFOPLIST_FILE = YES;
				IPHONEOS_DEPLOYMENT_TARGET = 18.2;
				MACOSX_DEPLOYMENT_TARGET = 14.5;
				MARKETING_VERSION = 1.0;
				PRODUCT_BUNDLE_IDENTIFIER = "com.tobiasfu.Karma-FarmUITests";
				PRODUCT_NAME = "$(TARGET_NAME)";
				SDKROOT = auto;
				SUPPORTED_PLATFORMS = "iphoneos iphonesimulator macosx xros xrsimulator";
				SWIFT_EMIT_LOC_STRINGS = NO;
				SWIFT_VERSION = 5.0;
				TARGETED_DEVICE_FAMILY = "1,2,7";
				TEST_TARGET_NAME = "Karma Farm";
				XROS_DEPLOYMENT_TARGET = 2.2;
			};
			name = Debug;
		};
		3E80EFB72E02264F007AA9BE /* Release */ = {
			isa = XCBuildConfiguration;
			buildSettings = {
				CODE_SIGN_STYLE = Automatic;
				CURRENT_PROJECT_VERSION = 1;
				GENERATE_INFOPLIST_FILE = YES;
				IPHONEOS_DEPLOYMENT_TARGET = 18.2;
				MACOSX_DEPLOYMENT_TARGET = 14.5;
				MARKETING_VERSION = 1.0;
				PRODUCT_BUNDLE_IDENTIFIER = "com.tobiasfu.Karma-FarmUITests";
				PRODUCT_NAME = "$(TARGET_NAME)";
				SDKROOT = auto;
				SUPPORTED_PLATFORMS = "iphoneos iphonesimulator macosx xros xrsimulator";
				SWIFT_EMIT_LOC_STRINGS = NO;
				SWIFT_VERSION = 5.0;
				TARGETED_DEVICE_FAMILY = "1,2,7";
				TEST_TARGET_NAME = "Karma Farm";
				XROS_DEPLOYMENT_TARGET = 2.2;
			};
			name = Release;
		};
/* End XCBuildConfiguration section */

/* Begin XCConfigurationList section */
		3E80EF802E02264D007AA9BE /* Build configuration list for PBXProject "Karma Farm" */ = {
			isa = XCConfigurationList;
			buildConfigurations = (
				3E80EFAD2E02264F007AA9BE /* Debug */,
				3E80EFAE2E02264F007AA9BE /* Release */,
			);
			defaultConfigurationIsVisible = 0;
			defaultConfigurationName = Release;
		};
		3E80EFAF2E02264F007AA9BE /* Build configuration list for PBXNativeTarget "Karma Farm" */ = {
			isa = XCConfigurationList;
			buildConfigurations = (
				3E80EFB02E02264F007AA9BE /* Debug */,
				3E80EFB12E02264F007AA9BE /* Release */,
			);
			defaultConfigurationIsVisible = 0;
			defaultConfigurationName = Release;
		};
		3E80EFB22E02264F007AA9BE /* Build configuration list for PBXNativeTarget "Karma FarmTests" */ = {
			isa = XCConfigurationList;
			buildConfigurations = (
				3E80EFB32E02264F007AA9BE /* Debug */,
				3E80EFB42E02264F007AA9BE /* Release */,
			);
			defaultConfigurationIsVisible = 0;
			defaultConfigurationName = Release;
		};
		3E80EFB52E02264F007AA9BE /* Build configuration list for PBXNativeTarget "Karma FarmUITests" */ = {
			isa = XCConfigurationList;
			buildConfigurations = (
				3E80EFB62E02264F007AA9BE /* Debug */,
				3E80EFB72E02264F007AA9BE /* Release */,
			);
			defaultConfigurationIsVisible = 0;
			defaultConfigurationName = Release;
		};
/* End XCConfigurationList section */

/* Begin XCRemoteSwiftPackageReference section */
		3E7E708C2E022FC500E5E93F /* XCRemoteSwiftPackageReference "firebase-ios-sdk" */ = {
			isa = XCRemoteSwiftPackageReference;
			repositoryURL = "https://github.com/firebase/firebase-ios-sdk";
			requirement = {
				kind = upToNextMinorVersion;
				minimumVersion = 11.14.0;
			};
		};
		3E7E70972E02344C00E5E93F /* XCRemoteSwiftPackageReference "IQKeyboardManager" */ = {
			isa = XCRemoteSwiftPackageReference;
			repositoryURL = "https://github.com/hackiftekhar/IQKeyboardManager";
			requirement = {
				kind = upToNextMajorVersion;
				minimumVersion = 8.0.1;
			};
		};
		3E7E70C02E02529400E5E93F /* XCRemoteSwiftPackageReference "Alamofire" */ = {
			isa = XCRemoteSwiftPackageReference;
			repositoryURL = "https://github.com/Alamofire/Alamofire";
			requirement = {
				kind = upToNextMinorVersion;
				minimumVersion = 5.10.2;
			};
		};
/* End XCRemoteSwiftPackageReference section */

/* Begin XCSwiftPackageProductDependency section */
		3E7E708D2E022FC500E5E93F /* FirebaseAuth */ = {
			isa = XCSwiftPackageProductDependency;
			package = 3E7E708C2E022FC500E5E93F /* XCRemoteSwiftPackageReference "firebase-ios-sdk" */;
			productName = FirebaseAuth;
		};
		3E7E70B92E024E7D00E5E93F /* IQKeyboardManagerSwift */ = {
			isa = XCSwiftPackageProductDependency;
			package = 3E7E70972E02344C00E5E93F /* XCRemoteSwiftPackageReference "IQKeyboardManager" */;
			productName = IQKeyboardManagerSwift;
		};
		3E7E70C12E02529400E5E93F /* Alamofire */ = {
			isa = XCSwiftPackageProductDependency;
			package = 3E7E70C02E02529400E5E93F /* XCRemoteSwiftPackageReference "Alamofire" */;
			productName = Alamofire;
		};
/* End XCSwiftPackageProductDependency section */
	};
	rootObject = 3E80EF7D2E02264D007AA9BE /* Project object */;
}
