// !$*UTF8*$!
{
	archiveVersion = 1;
	classes = {
	};
	objectVersion = 77;
	objects = {

/* Begin PBXBuildFile section */
		3E55113C2E0601B3004AB827 /* Karma-Farm-Info.plist in Resources */ = {isa = PBXBuildFile; fileRef = 3E55113A2E0601B3004AB827 /* Karma-Farm-Info.plist */; };
		3E7E708E2E022FC500E5E93F /* FirebaseAuth in Frameworks */ = {isa = PBXBuildFile; productRef = 3E7E708D2E022FC500E5E93F /* FirebaseAuth */; };
		3E7E70BA2E024E7D00E5E93F /* IQKeyboardManagerSwift in Frameworks */ = {isa = PBXBuildFile; productRef = 3E7E70B92E024E7D00E5E93F /* IQKeyboardManagerSwift */; };
		3E7E70C22E02529400E5E93F /* Alamofire in Frameworks */ = {isa = PBXBuildFile; productRef = 3E7E70C12E02529400E5E93F /* Alamofire */; };
		3EA9978C2E156ACD00F8C774 /* TaskCompletion.swift in Sources */ = {isa = PBXBuildFile; fileRef = 3EA9976F2E156ACD00F8C774 /* TaskCompletion.swift */; };
		3EA9978D2E156ACD00F8C774 /* PhoneAuthView.swift in Sources */ = {isa = PBXBuildFile; fileRef = 3EA997372E156ACD00F8C774 /* PhoneAuthView.swift */; };
		3EA9978E2E156ACD00F8C774 /* Extensions.swift in Sources */ = {isa = PBXBuildFile; fileRef = 3EA997822E156ACD00F8C774 /* Extensions.swift */; };
		3EA9978F2E156ACD00F8C774 /* EditProfileViewModel.swift in Sources */ = {isa = PBXBuildFile; fileRef = 3EA997652E156ACD00F8C774 /* EditProfileViewModel.swift */; };
		3EA997902E156ACD00F8C774 /* TaskAcceptanceView.swift in Sources */ = {isa = PBXBuildFile; fileRef = 3EA997732E156ACD00F8C774 /* TaskAcceptanceView.swift */; };
		3EA997912E156ACD00F8C774 /* PrivateProfileSetupView.swift in Sources */ = {isa = PBXBuildFile; fileRef = 3EA997382E156ACD00F8C774 /* PrivateProfileSetupView.swift */; };
		3EA997922E156ACD00F8C774 /* OnboardingViewModel.swift in Sources */ = {isa = PBXBuildFile; fileRef = 3EA997582E156ACD00F8C774 /* OnboardingViewModel.swift */; };
		3EA997932E156ACD00F8C774 /* FeedViewModel.swift in Sources */ = {isa = PBXBuildFile; fileRef = 3EA9974A2E156ACD00F8C774 /* FeedViewModel.swift */; };
		3EA997942E156ACD00F8C774 /* ProfileViewModel.swift in Sources */ = {isa = PBXBuildFile; fileRef = 3EA997662E156ACD00F8C774 /* ProfileViewModel.swift */; };
		3EA997952E156ACD00F8C774 /* BadgeSetupView.swift in Sources */ = {isa = PBXBuildFile; fileRef = 3EA9975A2E156ACD00F8C774 /* BadgeSetupView.swift */; };
		3EA997962E156ACD00F8C774 /* Karma_Farm.xcdatamodeld in Sources */ = {isa = PBXBuildFile; fileRef = 3EA997882E156ACD00F8C774 /* Karma_Farm.xcdatamodeld */; };
		3EA997972E156ACD00F8C774 /* CreatePostView.swift in Sources */ = {isa = PBXBuildFile; fileRef = 3EA997622E156ACD00F8C774 /* CreatePostView.swift */; };
		3EA997982E156ACD00F8C774 /* Karma_FarmApp.swift in Sources */ = {isa = PBXBuildFile; fileRef = 3EA9972F2E156ACD00F8C774 /* Karma_FarmApp.swift */; };
		3EA997992E156ACD00F8C774 /* CustomTransitions.swift in Sources */ = {isa = PBXBuildFile; fileRef = 3EA997422E156ACD00F8C774 /* CustomTransitions.swift */; };
		3EA9979A2E156ACD00F8C774 /* ModernUIDemo.swift in Sources */ = {isa = PBXBuildFile; fileRef = 3EA997462E156ACD00F8C774 /* ModernUIDemo.swift */; };
		3EA9979B2E156ACD00F8C774 /* ModernTaskCard.swift in Sources */ = {isa = PBXBuildFile; fileRef = 3EA997442E156ACD00F8C774 /* ModernTaskCard.swift */; };
		3EA9979C2E156ACD00F8C774 /* Badge.swift in Sources */ = {isa = PBXBuildFile; fileRef = 3EA997792E156ACD00F8C774 /* Badge.swift */; };
		3EA9979D2E156ACD00F8C774 /* TaskCompletionConfirmView.swift in Sources */ = {isa = PBXBuildFile; fileRef = 3EA997742E156ACD00F8C774 /* TaskCompletionConfirmView.swift */; };
		3EA9979E2E156ACD00F8C774 /* MapStyleToggle.swift in Sources */ = {isa = PBXBuildFile; fileRef = 3EA997542E156ACD00F8C774 /* MapStyleToggle.swift */; };
		3EA9979F2E156ACD00F8C774 /* ProfileSetupView.swift in Sources */ = {isa = PBXBuildFile; fileRef = 3EA9975D2E156ACD00F8C774 /* ProfileSetupView.swift */; };
		3EA997A02E156ACD00F8C774 /* LocationPermissionView.swift in Sources */ = {isa = PBXBuildFile; fileRef = 3EA9975B2E156ACD00F8C774 /* LocationPermissionView.swift */; };
		3EA997A12E156ACD00F8C774 /* WelcomeView.swift in Sources */ = {isa = PBXBuildFile; fileRef = 3EA9973A2E156ACD00F8C774 /* WelcomeView.swift */; };
		3EA997A22E156ACD00F8C774 /* NotificationBell.swift in Sources */ = {isa = PBXBuildFile; fileRef = 3EA997472E156ACD00F8C774 /* NotificationBell.swift */; };
		3EA997A32E156ACD00F8C774 /* LocationManager.swift in Sources */ = {isa = PBXBuildFile; fileRef = 3EA997502E156ACD00F8C774 /* LocationManager.swift */; };
		3EA997A42E156ACD00F8C774 /* AuthManager.swift in Sources */ = {isa = PBXBuildFile; fileRef = 3EA997322E156ACD00F8C774 /* AuthManager.swift */; };
		3EA997A52E156ACD00F8C774 /* FeedView.swift in Sources */ = {isa = PBXBuildFile; fileRef = 3EA9974C2E156ACD00F8C774 /* FeedView.swift */; };
		3EA997A62E156ACD00F8C774 /* TaskCompletionViewModel.swift in Sources */ = {isa = PBXBuildFile; fileRef = 3EA997712E156ACD00F8C774 /* TaskCompletionViewModel.swift */; };
		3EA997A72E156ACD00F8C774 /* TaskRatingView.swift in Sources */ = {isa = PBXBuildFile; fileRef = 3EA997752E156ACD00F8C774 /* TaskRatingView.swift */; };
		3EA997A82E156ACD00F8C774 /* PhoneAuthViewModel.swift in Sources */ = {isa = PBXBuildFile; fileRef = 3EA997332E156ACD00F8C774 /* PhoneAuthViewModel.swift */; };
		3EA997A92E156ACD00F8C774 /* MapViewModel.swift in Sources */ = {isa = PBXBuildFile; fileRef = 3EA997512E156ACD00F8C774 /* MapViewModel.swift */; };
		3EA997AA2E156ACD00F8C774 /* EmailSignUpView.swift in Sources */ = {isa = PBXBuildFile; fileRef = 3EA997362E156ACD00F8C774 /* EmailSignUpView.swift */; };
		3EA997AB2E156ACD00F8C774 /* ContentView.swift in Sources */ = {isa = PBXBuildFile; fileRef = 3EA9976C2E156ACD00F8C774 /* ContentView.swift */; };
		3EA997AC2E156ACD00F8C774 /* APIService.swift in Sources */ = {isa = PBXBuildFile; fileRef = 3EA997802E156ACD00F8C774 /* APIService.swift */; };
		3EA997AD2E156ACD00F8C774 /* SignInView.swift in Sources */ = {isa = PBXBuildFile; fileRef = 3EA997392E156ACD00F8C774 /* SignInView.swift */; };
		3EA997AE2E156ACD00F8C774 /* TestingUtils.swift in Sources */ = {isa = PBXBuildFile; fileRef = 3EA997832E156ACD00F8C774 /* TestingUtils.swift */; };
		3EA997AF2E156ACD00F8C774 /* CreatePostViewModel.swift in Sources */ = {isa = PBXBuildFile; fileRef = 3EA997602E156ACD00F8C774 /* CreatePostViewModel.swift */; };
		3EA997B02E156ACD00F8C774 /* AnimatedComponents.swift in Sources */ = {isa = PBXBuildFile; fileRef = 3EA997412E156ACD00F8C774 /* AnimatedComponents.swift */; };
		3EA997B12E156ACD00F8C774 /* Persistence.swift in Sources */ = {isa = PBXBuildFile; fileRef = 3EA997892E156ACD00F8C774 /* Persistence.swift */; };
		3EA997B22E156ACD00F8C774 /* FeedFilter.swift in Sources */ = {isa = PBXBuildFile; fileRef = 3EA997492E156ACD00F8C774 /* FeedFilter.swift */; };
		3EA997B32E156ACD00F8C774 /* ModernUIComponents.swift in Sources */ = {isa = PBXBuildFile; fileRef = 3EA997452E156ACD00F8C774 /* ModernUIComponents.swift */; };
		3EA997B42E156ACD00F8C774 /* DesignSystem.swift in Sources */ = {isa = PBXBuildFile; fileRef = 3EA997432E156ACD00F8C774 /* DesignSystem.swift */; };
		3EA997B52E156ACD00F8C774 /* OnboardingContainerView.swift in Sources */ = {isa = PBXBuildFile; fileRef = 3EA9975C2E156ACD00F8C774 /* OnboardingContainerView.swift */; };
		3EA997B62E156ACD00F8C774 /* GamifiedPostDetailView.swift in Sources */ = {isa = PBXBuildFile; fileRef = 3EA9974D2E156ACD00F8C774 /* GamifiedPostDetailView.swift */; };
		3EA997B72E156ACD00F8C774 /* Post.swift in Sources */ = {isa = PBXBuildFile; fileRef = 3EA9977A2E156ACD00F8C774 /* Post.swift */; };
		3EA997B82E156ACD00F8C774 /* AuthenticationView.swift in Sources */ = {isa = PBXBuildFile; fileRef = 3EA997352E156ACD00F8C774 /* AuthenticationView.swift */; };
		3EA997B92E156ACD00F8C774 /* MapView.swift in Sources */ = {isa = PBXBuildFile; fileRef = 3EA997552E156ACD00F8C774 /* MapView.swift */; };
		3EA997BA2E156ACD00F8C774 /* ProfileView.swift in Sources */ = {isa = PBXBuildFile; fileRef = 3EA997682E156ACD00F8C774 /* ProfileView.swift */; };
		3EA997BB2E156ACD00F8C774 /* ChatListViewModel.swift in Sources */ = {isa = PBXBuildFile; fileRef = 3EA9973D2E156ACD00F8C774 /* ChatListViewModel.swift */; };
		3EA997BC2E156ACD00F8C774 /* User.swift in Sources */ = {isa = PBXBuildFile; fileRef = 3EA9977B2E156ACD00F8C774 /* User.swift */; };
		3EA997BD2E156ACD00F8C774 /* MapLegend.swift in Sources */ = {isa = PBXBuildFile; fileRef = 3EA997532E156ACD00F8C774 /* MapLegend.swift */; };
		3EA997BE2E156ACD00F8C774 /* Preview Assets.xcassets in Resources */ = {isa = PBXBuildFile; fileRef = 3EA9977D2E156ACD00F8C774 /* Preview Assets.xcassets */; };
		3EA997BF2E156ACD00F8C774 /* Assets.xcassets in Resources */ = {isa = PBXBuildFile; fileRef = 3EA997852E156ACD00F8C774 /* Assets.xcassets */; };
		3EA997C02E156ACD00F8C774 /* GoogleService-Info.plist in Resources */ = {isa = PBXBuildFile; fileRef = 3EA997862E156ACD00F8C774 /* GoogleService-Info.plist */; };
/* End PBXBuildFile section */

/* Begin PBXContainerItemProxy section */
		3E80EF9C2E02264F007AA9BE /* PBXContainerItemProxy */ = {
			isa = PBXContainerItemProxy;
			containerPortal = 3E80EF7D2E02264D007AA9BE /* Project object */;
			proxyType = 1;
			remoteGlobalIDString = 3E80EF842E02264D007AA9BE;
			remoteInfo = "Karma Farm";
		};
		3E80EFA62E02264F007AA9BE /* PBXContainerItemProxy */ = {
			isa = PBXContainerItemProxy;
			containerPortal = 3E80EF7D2E02264D007AA9BE /* Project object */;
			proxyType = 1;
			remoteGlobalIDString = 3E80EF842E02264D007AA9BE;
			remoteInfo = "Karma Farm";
		};
/* End PBXContainerItemProxy section */

/* Begin PBXFileReference section */
		3E55113A2E0601B3004AB827 /* Karma-Farm-Info.plist */ = {isa = PBXFileReference; lastKnownFileType = text.plist.xml; path = "Karma-Farm-Info.plist"; sourceTree = "<group>"; };
		3E80EF852E02264D007AA9BE /* Karma Farm.app */ = {isa = PBXFileReference; explicitFileType = wrapper.application; includeInIndex = 0; path = "Karma Farm.app"; sourceTree = BUILT_PRODUCTS_DIR; };
		3E80EF9B2E02264F007AA9BE /* Karma FarmTests.xctest */ = {isa = PBXFileReference; explicitFileType = wrapper.cfbundle; includeInIndex = 0; path = "Karma FarmTests.xctest"; sourceTree = BUILT_PRODUCTS_DIR; };
		3E80EFA52E02264F007AA9BE /* Karma FarmUITests.xctest */ = {isa = PBXFileReference; explicitFileType = wrapper.cfbundle; includeInIndex = 0; path = "Karma FarmUITests.xctest"; sourceTree = BUILT_PRODUCTS_DIR; };
		3EA9972F2E156ACD00F8C774 /* Karma_FarmApp.swift */ = {isa = PBXFileReference; lastKnownFileType = sourcecode.swift; path = Karma_FarmApp.swift; sourceTree = "<group>"; };
		3EA997322E156ACD00F8C774 /* AuthManager.swift */ = {isa = PBXFileReference; lastKnownFileType = sourcecode.swift; path = AuthManager.swift; sourceTree = "<group>"; };
		3EA997332E156ACD00F8C774 /* PhoneAuthViewModel.swift */ = {isa = PBXFileReference; lastKnownFileType = sourcecode.swift; path = PhoneAuthViewModel.swift; sourceTree = "<group>"; };
		3EA997352E156ACD00F8C774 /* AuthenticationView.swift */ = {isa = PBXFileReference; lastKnownFileType = sourcecode.swift; path = AuthenticationView.swift; sourceTree = "<group>"; };
		3EA997362E156ACD00F8C774 /* EmailSignUpView.swift */ = {isa = PBXFileReference; lastKnownFileType = sourcecode.swift; path = EmailSignUpView.swift; sourceTree = "<group>"; };
		3EA997372E156ACD00F8C774 /* PhoneAuthView.swift */ = {isa = PBXFileReference; lastKnownFileType = sourcecode.swift; path = PhoneAuthView.swift; sourceTree = "<group>"; };
		3EA997382E156ACD00F8C774 /* PrivateProfileSetupView.swift */ = {isa = PBXFileReference; lastKnownFileType = sourcecode.swift; path = PrivateProfileSetupView.swift; sourceTree = "<group>"; };
		3EA997392E156ACD00F8C774 /* SignInView.swift */ = {isa = PBXFileReference; lastKnownFileType = sourcecode.swift; path = SignInView.swift; sourceTree = "<group>"; };
		3EA9973A2E156ACD00F8C774 /* WelcomeView.swift */ = {isa = PBXFileReference; lastKnownFileType = sourcecode.swift; path = WelcomeView.swift; sourceTree = "<group>"; };
		3EA9973D2E156ACD00F8C774 /* ChatListViewModel.swift */ = {isa = PBXFileReference; lastKnownFileType = sourcecode.swift; path = ChatListViewModel.swift; sourceTree = "<group>"; };
		3EA997412E156ACD00F8C774 /* AnimatedComponents.swift */ = {isa = PBXFileReference; lastKnownFileType = sourcecode.swift; path = AnimatedComponents.swift; sourceTree = "<group>"; };
		3EA997422E156ACD00F8C774 /* CustomTransitions.swift */ = {isa = PBXFileReference; lastKnownFileType = sourcecode.swift; path = CustomTransitions.swift; sourceTree = "<group>"; };
		3EA997432E156ACD00F8C774 /* DesignSystem.swift */ = {isa = PBXFileReference; lastKnownFileType = sourcecode.swift; path = DesignSystem.swift; sourceTree = "<group>"; };
		3EA997442E156ACD00F8C774 /* ModernTaskCard.swift */ = {isa = PBXFileReference; lastKnownFileType = sourcecode.swift; path = ModernTaskCard.swift; sourceTree = "<group>"; };
		3EA997452E156ACD00F8C774 /* ModernUIComponents.swift */ = {isa = PBXFileReference; lastKnownFileType = sourcecode.swift; path = ModernUIComponents.swift; sourceTree = "<group>"; };
		3EA997462E156ACD00F8C774 /* ModernUIDemo.swift */ = {isa = PBXFileReference; lastKnownFileType = sourcecode.swift; path = ModernUIDemo.swift; sourceTree = "<group>"; };
		3EA997472E156ACD00F8C774 /* NotificationBell.swift */ = {isa = PBXFileReference; lastKnownFileType = sourcecode.swift; path = NotificationBell.swift; sourceTree = "<group>"; };
		3EA997492E156ACD00F8C774 /* FeedFilter.swift */ = {isa = PBXFileReference; lastKnownFileType = sourcecode.swift; path = FeedFilter.swift; sourceTree = "<group>"; };
		3EA9974A2E156ACD00F8C774 /* FeedViewModel.swift */ = {isa = PBXFileReference; lastKnownFileType = sourcecode.swift; path = FeedViewModel.swift; sourceTree = "<group>"; };
		3EA9974C2E156ACD00F8C774 /* FeedView.swift */ = {isa = PBXFileReference; lastKnownFileType = sourcecode.swift; path = FeedView.swift; sourceTree = "<group>"; };
		3EA9974D2E156ACD00F8C774 /* GamifiedPostDetailView.swift */ = {isa = PBXFileReference; lastKnownFileType = sourcecode.swift; path = GamifiedPostDetailView.swift; sourceTree = "<group>"; };
		3EA997502E156ACD00F8C774 /* LocationManager.swift */ = {isa = PBXFileReference; lastKnownFileType = sourcecode.swift; path = LocationManager.swift; sourceTree = "<group>"; };
		3EA997512E156ACD00F8C774 /* MapViewModel.swift */ = {isa = PBXFileReference; lastKnownFileType = sourcecode.swift; path = MapViewModel.swift; sourceTree = "<group>"; };
		3EA997532E156ACD00F8C774 /* MapLegend.swift */ = {isa = PBXFileReference; lastKnownFileType = sourcecode.swift; path = MapLegend.swift; sourceTree = "<group>"; };
		3EA997542E156ACD00F8C774 /* MapStyleToggle.swift */ = {isa = PBXFileReference; lastKnownFileType = sourcecode.swift; path = MapStyleToggle.swift; sourceTree = "<group>"; };
		3EA997552E156ACD00F8C774 /* MapView.swift */ = {isa = PBXFileReference; lastKnownFileType = sourcecode.swift; path = MapView.swift; sourceTree = "<group>"; };
		3EA997582E156ACD00F8C774 /* OnboardingViewModel.swift */ = {isa = PBXFileReference; lastKnownFileType = sourcecode.swift; path = OnboardingViewModel.swift; sourceTree = "<group>"; };
		3EA9975A2E156ACD00F8C774 /* BadgeSetupView.swift */ = {isa = PBXFileReference; lastKnownFileType = sourcecode.swift; path = BadgeSetupView.swift; sourceTree = "<group>"; };
		3EA9975B2E156ACD00F8C774 /* LocationPermissionView.swift */ = {isa = PBXFileReference; lastKnownFileType = sourcecode.swift; path = LocationPermissionView.swift; sourceTree = "<group>"; };
		3EA9975C2E156ACD00F8C774 /* OnboardingContainerView.swift */ = {isa = PBXFileReference; lastKnownFileType = sourcecode.swift; path = OnboardingContainerView.swift; sourceTree = "<group>"; };
		3EA9975D2E156ACD00F8C774 /* ProfileSetupView.swift */ = {isa = PBXFileReference; lastKnownFileType = sourcecode.swift; path = ProfileSetupView.swift; sourceTree = "<group>"; };
		3EA997602E156ACD00F8C774 /* CreatePostViewModel.swift */ = {isa = PBXFileReference; lastKnownFileType = sourcecode.swift; path = CreatePostViewModel.swift; sourceTree = "<group>"; };
		3EA997622E156ACD00F8C774 /* CreatePostView.swift */ = {isa = PBXFileReference; lastKnownFileType = sourcecode.swift; path = CreatePostView.swift; sourceTree = "<group>"; };
		3EA997652E156ACD00F8C774 /* EditProfileViewModel.swift */ = {isa = PBXFileReference; lastKnownFileType = sourcecode.swift; path = EditProfileViewModel.swift; sourceTree = "<group>"; };
		3EA997662E156ACD00F8C774 /* ProfileViewModel.swift */ = {isa = PBXFileReference; lastKnownFileType = sourcecode.swift; path = ProfileViewModel.swift; sourceTree = "<group>"; };
		3EA997682E156ACD00F8C774 /* ProfileView.swift */ = {isa = PBXFileReference; lastKnownFileType = sourcecode.swift; path = ProfileView.swift; sourceTree = "<group>"; };
		3EA9976C2E156ACD00F8C774 /* ContentView.swift */ = {isa = PBXFileReference; lastKnownFileType = sourcecode.swift; path = ContentView.swift; sourceTree = "<group>"; };
		3EA9976F2E156ACD00F8C774 /* TaskCompletion.swift */ = {isa = PBXFileReference; lastKnownFileType = sourcecode.swift; path = TaskCompletion.swift; sourceTree = "<group>"; };
		3EA997712E156ACD00F8C774 /* TaskCompletionViewModel.swift */ = {isa = PBXFileReference; lastKnownFileType = sourcecode.swift; path = TaskCompletionViewModel.swift; sourceTree = "<group>"; };
		3EA997732E156ACD00F8C774 /* TaskAcceptanceView.swift */ = {isa = PBXFileReference; lastKnownFileType = sourcecode.swift; path = TaskAcceptanceView.swift; sourceTree = "<group>"; };
		3EA997742E156ACD00F8C774 /* TaskCompletionConfirmView.swift */ = {isa = PBXFileReference; lastKnownFileType = sourcecode.swift; path = TaskCompletionConfirmView.swift; sourceTree = "<group>"; };
		3EA997752E156ACD00F8C774 /* TaskRatingView.swift */ = {isa = PBXFileReference; lastKnownFileType = sourcecode.swift; path = TaskRatingView.swift; sourceTree = "<group>"; };
		3EA997792E156ACD00F8C774 /* Badge.swift */ = {isa = PBXFileReference; lastKnownFileType = sourcecode.swift; path = Badge.swift; sourceTree = "<group>"; };
		3EA9977A2E156ACD00F8C774 /* Post.swift */ = {isa = PBXFileReference; lastKnownFileType = sourcecode.swift; path = Post.swift; sourceTree = "<group>"; };
		3EA9977B2E156ACD00F8C774 /* User.swift */ = {isa = PBXFileReference; lastKnownFileType = sourcecode.swift; path = User.swift; sourceTree = "<group>"; };
		3EA9977D2E156ACD00F8C774 /* Preview Assets.xcassets */ = {isa = PBXFileReference; lastKnownFileType = folder.assetcatalog; path = "Preview Assets.xcassets"; sourceTree = "<group>"; };
		3EA997802E156ACD00F8C774 /* APIService.swift */ = {isa = PBXFileReference; lastKnownFileType = sourcecode.swift; path = APIService.swift; sourceTree = "<group>"; };
		3EA997822E156ACD00F8C774 /* Extensions.swift */ = {isa = PBXFileReference; lastKnownFileType = sourcecode.swift; path = Extensions.swift; sourceTree = "<group>"; };
		3EA997832E156ACD00F8C774 /* TestingUtils.swift */ = {isa = PBXFileReference; lastKnownFileType = sourcecode.swift; path = TestingUtils.swift; sourceTree = "<group>"; };
		3EA997852E156ACD00F8C774 /* Assets.xcassets */ = {isa = PBXFileReference; lastKnownFileType = folder.assetcatalog; path = Assets.xcassets; sourceTree = "<group>"; };
		3EA997862E156ACD00F8C774 /* GoogleService-Info.plist */ = {isa = PBXFileReference; lastKnownFileType = text.plist.xml; path = "GoogleService-Info.plist"; sourceTree = "<group>"; };
		3EA997872E156ACD00F8C774 /* Karma_Farm.entitlements */ = {isa = PBXFileReference; lastKnownFileType = text.plist.entitlements; path = Karma_Farm.entitlements; sourceTree = "<group>"; };
		3EA997892E156ACD00F8C774 /* Persistence.swift */ = {isa = PBXFileReference; lastKnownFileType = sourcecode.swift; path = Persistence.swift; sourceTree = "<group>"; };
		3EA9978B2E156ACD00F8C774 /* Karma_Farm.xcdatamodel */ = {isa = PBXFileReference; lastKnownFileType = wrapper.xcdatamodel; path = Karma_Farm.xcdatamodel; sourceTree = "<group>"; };
/* End PBXFileReference section */

/* Begin PBXFileSystemSynchronizedRootGroup section */
		3E80EF9E2E02264F007AA9BE /* Karma FarmTests */ = {
			isa = PBXFileSystemSynchronizedRootGroup;
			path = "Karma FarmTests";
			sourceTree = "<group>";
		};
		3E80EFA82E02264F007AA9BE /* Karma FarmUITests */ = {
			isa = PBXFileSystemSynchronizedRootGroup;
			path = "Karma FarmUITests";
			sourceTree = "<group>";
		};
/* End PBXFileSystemSynchronizedRootGroup section */

/* Begin PBXFrameworksBuildPhase section */
		3E80EF822E02264D007AA9BE /* Frameworks */ = {
			isa = PBXFrameworksBuildPhase;
			buildActionMask = 2147483647;
			files = (
				3E7E70C22E02529400E5E93F /* Alamofire in Frameworks */,
				3E7E708E2E022FC500E5E93F /* FirebaseAuth in Frameworks */,
				3E7E70BA2E024E7D00E5E93F /* IQKeyboardManagerSwift in Frameworks */,
			);
			runOnlyForDeploymentPostprocessing = 0;
		};
		3E80EF982E02264F007AA9BE /* Frameworks */ = {
			isa = PBXFrameworksBuildPhase;
			buildActionMask = 2147483647;
			files = (
			);
			runOnlyForDeploymentPostprocessing = 0;
		};
		3E80EFA22E02264F007AA9BE /* Frameworks */ = {
			isa = PBXFrameworksBuildPhase;
			buildActionMask = 2147483647;
			files = (
			);
			runOnlyForDeploymentPostprocessing = 0;
		};
/* End PBXFrameworksBuildPhase section */

/* Begin PBXGroup section */
		3E80EF7C2E02264D007AA9BE = {
			isa = PBXGroup;
			children = (
				3E80EF9E2E02264F007AA9BE /* Karma FarmTests */,
				3E80EFA82E02264F007AA9BE /* Karma FarmUITests */,
				3E80EF862E02264D007AA9BE /* Products */,
				3E55113A2E0601B3004AB827 /* Karma-Farm-Info.plist */,
				3EA9978A2E156ACD00F8C774 /* Karma Farm */,
			);
			sourceTree = "<group>";
		};
		3E80EF862E02264D007AA9BE /* Products */ = {
			isa = PBXGroup;
			children = (
				3E80EF852E02264D007AA9BE /* Karma Farm.app */,
				3E80EF9B2E02264F007AA9BE /* Karma FarmTests.xctest */,
				3E80EFA52E02264F007AA9BE /* Karma FarmUITests.xctest */,
			);
			name = Products;
			sourceTree = "<group>";
		};
		3EA997302E156ACD00F8C774 /* App */ = {
			isa = PBXGroup;
			children = (
				3EA9972F2E156ACD00F8C774 /* Karma_FarmApp.swift */,
			);
			path = App;
			sourceTree = "<group>";
		};
		3EA997312E156ACD00F8C774 /* Components */ = {
			isa = PBXGroup;
			children = (
			);
			path = Components;
			sourceTree = "<group>";
		};
		3EA997342E156ACD00F8C774 /* ViewModels */ = {
			isa = PBXGroup;
			children = (
				3EA997322E156ACD00F8C774 /* AuthManager.swift */,
				3EA997332E156ACD00F8C774 /* PhoneAuthViewModel.swift */,
			);
			path = ViewModels;
			sourceTree = "<group>";
		};
		3EA9973B2E156ACD00F8C774 /* Views */ = {
			isa = PBXGroup;
			children = (
				3EA997352E156ACD00F8C774 /* AuthenticationView.swift */,
				3EA997362E156ACD00F8C774 /* EmailSignUpView.swift */,
				3EA997372E156ACD00F8C774 /* PhoneAuthView.swift */,
				3EA997382E156ACD00F8C774 /* PrivateProfileSetupView.swift */,
				3EA997392E156ACD00F8C774 /* SignInView.swift */,
				3EA9973A2E156ACD00F8C774 /* WelcomeView.swift */,
			);
			path = Views;
			sourceTree = "<group>";
		};
		3EA9973C2E156ACD00F8C774 /* Authentication */ = {
			isa = PBXGroup;
			children = (
				3EA997342E156ACD00F8C774 /* ViewModels */,
				3EA9973B2E156ACD00F8C774 /* Views */,
			);
			path = Authentication;
			sourceTree = "<group>";
		};
		3EA9973E2E156ACD00F8C774 /* ViewModels */ = {
			isa = PBXGroup;
			children = (
				3EA9973D2E156ACD00F8C774 /* ChatListViewModel.swift */,
			);
			path = ViewModels;
			sourceTree = "<group>";
		};
		3EA9973F2E156ACD00F8C774 /* Views */ = {
			isa = PBXGroup;
			children = (
			);
			path = Views;
			sourceTree = "<group>";
		};
		3EA997402E156ACD00F8C774 /* Chat */ = {
			isa = PBXGroup;
			children = (
				3EA9973E2E156ACD00F8C774 /* ViewModels */,
				3EA9973F2E156ACD00F8C774 /* Views */,
			);
			path = Chat;
			sourceTree = "<group>";
		};
		3EA997482E156ACD00F8C774 /* DesignSystem */ = {
			isa = PBXGroup;
			children = (
				3EA997412E156ACD00F8C774 /* AnimatedComponents.swift */,
				3EA997422E156ACD00F8C774 /* CustomTransitions.swift */,
				3EA997432E156ACD00F8C774 /* DesignSystem.swift */,
				3EA997442E156ACD00F8C774 /* ModernTaskCard.swift */,
				3EA997452E156ACD00F8C774 /* ModernUIComponents.swift */,
				3EA997462E156ACD00F8C774 /* ModernUIDemo.swift */,
				3EA997472E156ACD00F8C774 /* NotificationBell.swift */,
			);
			path = DesignSystem;
			sourceTree = "<group>";
		};
		3EA9974B2E156ACD00F8C774 /* ViewModels */ = {
			isa = PBXGroup;
			children = (
				3EA997492E156ACD00F8C774 /* FeedFilter.swift */,
				3EA9974A2E156ACD00F8C774 /* FeedViewModel.swift */,
			);
			path = ViewModels;
			sourceTree = "<group>";
		};
		3EA9974E2E156ACD00F8C774 /* Views */ = {
			isa = PBXGroup;
			children = (
				3EA9974C2E156ACD00F8C774 /* FeedView.swift */,
				3EA9974D2E156ACD00F8C774 /* GamifiedPostDetailView.swift */,
			);
			path = Views;
			sourceTree = "<group>";
		};
		3EA9974F2E156ACD00F8C774 /* Feed */ = {
			isa = PBXGroup;
			children = (
				3EA9974B2E156ACD00F8C774 /* ViewModels */,
				3EA9974E2E156ACD00F8C774 /* Views */,
			);
			path = Feed;
			sourceTree = "<group>";
		};
		3EA997522E156ACD00F8C774 /* ViewModels */ = {
			isa = PBXGroup;
			children = (
				3EA997502E156ACD00F8C774 /* LocationManager.swift */,
				3EA997512E156ACD00F8C774 /* MapViewModel.swift */,
			);
			path = ViewModels;
			sourceTree = "<group>";
		};
		3EA997562E156ACD00F8C774 /* Views */ = {
			isa = PBXGroup;
			children = (
				3EA997532E156ACD00F8C774 /* MapLegend.swift */,
				3EA997542E156ACD00F8C774 /* MapStyleToggle.swift */,
				3EA997552E156ACD00F8C774 /* MapView.swift */,
			);
			path = Views;
			sourceTree = "<group>";
		};
		3EA997572E156ACD00F8C774 /* Map */ = {
			isa = PBXGroup;
			children = (
				3EA997522E156ACD00F8C774 /* ViewModels */,
				3EA997562E156ACD00F8C774 /* Views */,
			);
			path = Map;
			sourceTree = "<group>";
		};
		3EA997592E156ACD00F8C774 /* ViewModels */ = {
			isa = PBXGroup;
			children = (
				3EA997582E156ACD00F8C774 /* OnboardingViewModel.swift */,
			);
			path = ViewModels;
			sourceTree = "<group>";
		};
		3EA9975E2E156ACD00F8C774 /* Views */ = {
			isa = PBXGroup;
			children = (
				3EA9975A2E156ACD00F8C774 /* BadgeSetupView.swift */,
				3EA9975B2E156ACD00F8C774 /* LocationPermissionView.swift */,
				3EA9975C2E156ACD00F8C774 /* OnboardingContainerView.swift */,
				3EA9975D2E156ACD00F8C774 /* ProfileSetupView.swift */,
			);
			path = Views;
			sourceTree = "<group>";
		};
		3EA9975F2E156ACD00F8C774 /* Onboarding */ = {
			isa = PBXGroup;
			children = (
				3EA997592E156ACD00F8C774 /* ViewModels */,
				3EA9975E2E156ACD00F8C774 /* Views */,
			);
			path = Onboarding;
			sourceTree = "<group>";
		};
		3EA997612E156ACD00F8C774 /* ViewModels */ = {
			isa = PBXGroup;
			children = (
				3EA997602E156ACD00F8C774 /* CreatePostViewModel.swift */,
			);
			path = ViewModels;
			sourceTree = "<group>";
		};
		3EA997632E156ACD00F8C774 /* Views */ = {
			isa = PBXGroup;
			children = (
				3EA997622E156ACD00F8C774 /* CreatePostView.swift */,
			);
			path = Views;
			sourceTree = "<group>";
		};
		3EA997642E156ACD00F8C774 /* PostCreation */ = {
			isa = PBXGroup;
			children = (
				3EA997612E156ACD00F8C774 /* ViewModels */,
				3EA997632E156ACD00F8C774 /* Views */,
			);
			path = PostCreation;
			sourceTree = "<group>";
		};
		3EA997672E156ACD00F8C774 /* ViewModels */ = {
			isa = PBXGroup;
			children = (
				3EA997652E156ACD00F8C774 /* EditProfileViewModel.swift */,
				3EA997662E156ACD00F8C774 /* ProfileViewModel.swift */,
			);
			path = ViewModels;
			sourceTree = "<group>";
		};
		3EA997692E156ACD00F8C774 /* Views */ = {
			isa = PBXGroup;
			children = (
				3EA997682E156ACD00F8C774 /* ProfileView.swift */,
			);
			path = Views;
			sourceTree = "<group>";
		};
		3EA9976A2E156ACD00F8C774 /* Profile */ = {
			isa = PBXGroup;
			children = (
				3EA997672E156ACD00F8C774 /* ViewModels */,
				3EA997692E156ACD00F8C774 /* Views */,
			);
			path = Profile;
			sourceTree = "<group>";
		};
		3EA9976B2E156ACD00F8C774 /* ViewModels */ = {
			isa = PBXGroup;
			children = (
			);
			path = ViewModels;
			sourceTree = "<group>";
		};
		3EA9976D2E156ACD00F8C774 /* Views */ = {
			isa = PBXGroup;
			children = (
				3EA9976C2E156ACD00F8C774 /* ContentView.swift */,
			);
			path = Views;
			sourceTree = "<group>";
		};
		3EA9976E2E156ACD00F8C774 /* Root */ = {
			isa = PBXGroup;
			children = (
				3EA9976B2E156ACD00F8C774 /* ViewModels */,
				3EA9976D2E156ACD00F8C774 /* Views */,
			);
			path = Root;
			sourceTree = "<group>";
		};
		3EA997702E156ACD00F8C774 /* Models */ = {
			isa = PBXGroup;
			children = (
				3EA9976F2E156ACD00F8C774 /* TaskCompletion.swift */,
			);
			path = Models;
			sourceTree = "<group>";
		};
		3EA997722E156ACD00F8C774 /* ViewModels */ = {
			isa = PBXGroup;
			children = (
				3EA997712E156ACD00F8C774 /* TaskCompletionViewModel.swift */,
			);
			path = ViewModels;
			sourceTree = "<group>";
		};
		3EA997762E156ACD00F8C774 /* Views */ = {
			isa = PBXGroup;
			children = (
				3EA997732E156ACD00F8C774 /* TaskAcceptanceView.swift */,
				3EA997742E156ACD00F8C774 /* TaskCompletionConfirmView.swift */,
				3EA997752E156ACD00F8C774 /* TaskRatingView.swift */,
			);
			path = Views;
			sourceTree = "<group>";
		};
		3EA997772E156ACD00F8C774 /* TaskCompletion */ = {
			isa = PBXGroup;
			children = (
				3EA997702E156ACD00F8C774 /* Models */,
				3EA997722E156ACD00F8C774 /* ViewModels */,
				3EA997762E156ACD00F8C774 /* Views */,
			);
			path = TaskCompletion;
			sourceTree = "<group>";
		};
		3EA997782E156ACD00F8C774 /* Core */ = {
			isa = PBXGroup;
			children = (
				3EA9973C2E156ACD00F8C774 /* Authentication */,
				3EA997402E156ACD00F8C774 /* Chat */,
				3EA997482E156ACD00F8C774 /* DesignSystem */,
				3EA9974F2E156ACD00F8C774 /* Feed */,
				3EA997572E156ACD00F8C774 /* Map */,
				3EA9975F2E156ACD00F8C774 /* Onboarding */,
				3EA997642E156ACD00F8C774 /* PostCreation */,
				3EA9976A2E156ACD00F8C774 /* Profile */,
				3EA9976E2E156ACD00F8C774 /* Root */,
				3EA997772E156ACD00F8C774 /* TaskCompletion */,
			);
			path = Core;
			sourceTree = "<group>";
		};
		3EA9977C2E156ACD00F8C774 /* Models */ = {
			isa = PBXGroup;
			children = (
				3EA997792E156ACD00F8C774 /* Badge.swift */,
				3EA9977A2E156ACD00F8C774 /* Post.swift */,
				3EA9977B2E156ACD00F8C774 /* User.swift */,
			);
			path = Models;
			sourceTree = "<group>";
		};
		3EA9977E2E156ACD00F8C774 /* Preview Content */ = {
			isa = PBXGroup;
			children = (
				3EA9977D2E156ACD00F8C774 /* Preview Assets.xcassets */,
			);
			path = "Preview Content";
			sourceTree = "<group>";
		};
		3EA9977F2E156ACD00F8C774 /* Resources */ = {
			isa = PBXGroup;
			children = (
			);
			path = Resources;
			sourceTree = "<group>";
		};
		3EA997812E156ACD00F8C774 /* Services */ = {
			isa = PBXGroup;
			children = (
				3EA997802E156ACD00F8C774 /* APIService.swift */,
			);
			path = Services;
			sourceTree = "<group>";
		};
		3EA997842E156ACD00F8C774 /* Utils */ = {
			isa = PBXGroup;
			children = (
				3EA997822E156ACD00F8C774 /* Extensions.swift */,
				3EA997832E156ACD00F8C774 /* TestingUtils.swift */,
			);
			path = Utils;
			sourceTree = "<group>";
		};
		3EA9978A2E156ACD00F8C774 /* Karma Farm */ = {
			isa = PBXGroup;
			children = (
				3EA997302E156ACD00F8C774 /* App */,
				3EA997312E156ACD00F8C774 /* Components */,
				3EA997782E156ACD00F8C774 /* Core */,
				3EA9977C2E156ACD00F8C774 /* Models */,
				3EA9977E2E156ACD00F8C774 /* Preview Content */,
				3EA9977F2E156ACD00F8C774 /* Resources */,
				3EA997812E156ACD00F8C774 /* Services */,
				3EA997842E156ACD00F8C774 /* Utils */,
				3EA997852E156ACD00F8C774 /* Assets.xcassets */,
				3EA997862E156ACD00F8C774 /* GoogleService-Info.plist */,
				3EA997872E156ACD00F8C774 /* Karma_Farm.entitlements */,
				3EA997882E156ACD00F8C774 /* Karma_Farm.xcdatamodeld */,
				3EA997892E156ACD00F8C774 /* Persistence.swift */,
			);
			path = "Karma Farm";
			sourceTree = "<group>";
		};
/* End PBXGroup section */

/* Begin PBXNativeTarget section */
		3E80EF842E02264D007AA9BE /* Karma Farm */ = {
			isa = PBXNativeTarget;
			buildConfigurationList = 3E80EFAF2E02264F007AA9BE /* Build configuration list for PBXNativeTarget "Karma Farm" */;
			buildPhases = (
				3E80EF812E02264D007AA9BE /* Sources */,
				3E80EF822E02264D007AA9BE /* Frameworks */,
				3E80EF832E02264D007AA9BE /* Resources */,
			);
			buildRules = (
			);
			dependencies = (
			);
			name = "Karma Farm";
			packageProductDependencies = (
				3E7E708D2E022FC500E5E93F /* FirebaseAuth */,
				3E7E70B92E024E7D00E5E93F /* IQKeyboardManagerSwift */,
				3E7E70C12E02529400E5E93F /* Alamofire */,
			);
			productName = "Karma Farm";
			productReference = 3E80EF852E02264D007AA9BE /* Karma Farm.app */;
			productType = "com.apple.product-type.application";
		};
		3E80EF9A2E02264F007AA9BE /* Karma FarmTests */ = {
			isa = PBXNativeTarget;
			buildConfigurationList = 3E80EFB22E02264F007AA9BE /* Build configuration list for PBXNativeTarget "Karma FarmTests" */;
			buildPhases = (
				3E80EF972E02264F007AA9BE /* Sources */,
				3E80EF982E02264F007AA9BE /* Frameworks */,
				3E80EF992E02264F007AA9BE /* Resources */,
			);
			buildRules = (
			);
			dependencies = (
				3E80EF9D2E02264F007AA9BE /* PBXTargetDependency */,
			);
			fileSystemSynchronizedGroups = (
				3E80EF9E2E02264F007AA9BE /* Karma FarmTests */,
			);
			name = "Karma FarmTests";
			packageProductDependencies = (
			);
			productName = "Karma FarmTests";
			productReference = 3E80EF9B2E02264F007AA9BE /* Karma FarmTests.xctest */;
			productType = "com.apple.product-type.bundle.unit-test";
		};
		3E80EFA42E02264F007AA9BE /* Karma FarmUITests */ = {
			isa = PBXNativeTarget;
			buildConfigurationList = 3E80EFB52E02264F007AA9BE /* Build configuration list for PBXNativeTarget "Karma FarmUITests" */;
			buildPhases = (
				3E80EFA12E02264F007AA9BE /* Sources */,
				3E80EFA22E02264F007AA9BE /* Frameworks */,
				3E80EFA32E02264F007AA9BE /* Resources */,
			);
			buildRules = (
			);
			dependencies = (
				3E80EFA72E02264F007AA9BE /* PBXTargetDependency */,
			);
			fileSystemSynchronizedGroups = (
				3E80EFA82E02264F007AA9BE /* Karma FarmUITests */,
			);
			name = "Karma FarmUITests";
			packageProductDependencies = (
			);
			productName = "Karma FarmUITests";
			productReference = 3E80EFA52E02264F007AA9BE /* Karma FarmUITests.xctest */;
			productType = "com.apple.product-type.bundle.ui-testing";
		};
/* End PBXNativeTarget section */

/* Begin PBXProject section */
		3E80EF7D2E02264D007AA9BE /* Project object */ = {
			isa = PBXProject;
			attributes = {
				BuildIndependentTargetsInParallel = 1;
				LastSwiftUpdateCheck = 1620;
				LastUpgradeCheck = 1620;
				TargetAttributes = {
					3E80EF842E02264D007AA9BE = {
						CreatedOnToolsVersion = 16.2;
					};
					3E80EF9A2E02264F007AA9BE = {
						CreatedOnToolsVersion = 16.2;
						TestTargetID = 3E80EF842E02264D007AA9BE;
					};
					3E80EFA42E02264F007AA9BE = {
						CreatedOnToolsVersion = 16.2;
						TestTargetID = 3E80EF842E02264D007AA9BE;
					};
				};
			};
			buildConfigurationList = 3E80EF802E02264D007AA9BE /* Build configuration list for PBXProject "Karma Farm" */;
			developmentRegion = en;
			hasScannedForEncodings = 0;
			knownRegions = (
				en,
				Base,
			);
			mainGroup = 3E80EF7C2E02264D007AA9BE;
			minimizedProjectReferenceProxies = 1;
			packageReferences = (
				3E7E708C2E022FC500E5E93F /* XCRemoteSwiftPackageReference "firebase-ios-sdk" */,
				3E7E70972E02344C00E5E93F /* XCRemoteSwiftPackageReference "IQKeyboardManager" */,
				3E7E70C02E02529400E5E93F /* XCRemoteSwiftPackageReference "Alamofire" */,
			);
			preferredProjectObjectVersion = 77;
			productRefGroup = 3E80EF862E02264D007AA9BE /* Products */;
			projectDirPath = "";
			projectRoot = "";
			targets = (
				3E80EF842E02264D007AA9BE /* Karma Farm */,
				3E80EF9A2E02264F007AA9BE /* Karma FarmTests */,
				3E80EFA42E02264F007AA9BE /* Karma FarmUITests */,
			);
		};
/* End PBXProject section */

/* Begin PBXResourcesBuildPhase section */
		3E80EF832E02264D007AA9BE /* Resources */ = {
			isa = PBXResourcesBuildPhase;
			buildActionMask = 2147483647;
			files = (
				3E55113C2E0601B3004AB827 /* Karma-Farm-Info.plist in Resources */,
				3EA997BE2E156ACD00F8C774 /* Preview Assets.xcassets in Resources */,
				3EA997BF2E156ACD00F8C774 /* Assets.xcassets in Resources */,
				3EA997C02E156ACD00F8C774 /* GoogleService-Info.plist in Resources */,
			);
			runOnlyForDeploymentPostprocessing = 0;
		};
		3E80EF992E02264F007AA9BE /* Resources */ = {
			isa = PBXResourcesBuildPhase;
			buildActionMask = 2147483647;
			files = (
			);
			runOnlyForDeploymentPostprocessing = 0;
		};
		3E80EFA32E02264F007AA9BE /* Resources */ = {
			isa = PBXResourcesBuildPhase;
			buildActionMask = 2147483647;
			files = (
			);
			runOnlyForDeploymentPostprocessing = 0;
		};
/* End PBXResourcesBuildPhase section */

/* Begin PBXSourcesBuildPhase section */
		3E80EF812E02264D007AA9BE /* Sources */ = {
			isa = PBXSourcesBuildPhase;
			buildActionMask = 2147483647;
			files = (
				3EA9978C2E156ACD00F8C774 /* TaskCompletion.swift in Sources */,
				3EA9978D2E156ACD00F8C774 /* PhoneAuthView.swift in Sources */,
				3EA9978E2E156ACD00F8C774 /* Extensions.swift in Sources */,
				3EA9978F2E156ACD00F8C774 /* EditProfileViewModel.swift in Sources */,
				3EA997902E156ACD00F8C774 /* TaskAcceptanceView.swift in Sources */,
				3EA997912E156ACD00F8C774 /* PrivateProfileSetupView.swift in Sources */,
				3EA997922E156ACD00F8C774 /* OnboardingViewModel.swift in Sources */,
				3EA997932E156ACD00F8C774 /* FeedViewModel.swift in Sources */,
				3EA997942E156ACD00F8C774 /* ProfileViewModel.swift in Sources */,
				3EA997952E156ACD00F8C774 /* BadgeSetupView.swift in Sources */,
				3EA997962E156ACD00F8C774 /* Karma_Farm.xcdatamodeld in Sources */,
				3EA997972E156ACD00F8C774 /* CreatePostView.swift in Sources */,
				3EA997982E156ACD00F8C774 /* Karma_FarmApp.swift in Sources */,
				3EA997992E156ACD00F8C774 /* CustomTransitions.swift in Sources */,
				3EA9979A2E156ACD00F8C774 /* ModernUIDemo.swift in Sources */,
				3EA9979B2E156ACD00F8C774 /* ModernTaskCard.swift in Sources */,
				3EA9979C2E156ACD00F8C774 /* Badge.swift in Sources */,
				3EA9979D2E156ACD00F8C774 /* TaskCompletionConfirmView.swift in Sources */,
				3EA9979E2E156ACD00F8C774 /* MapStyleToggle.swift in Sources */,
				3EA9979F2E156ACD00F8C774 /* ProfileSetupView.swift in Sources */,
				3EA997A02E156ACD00F8C774 /* LocationPermissionView.swift in Sources */,
				3EA997A12E156ACD00F8C774 /* WelcomeView.swift in Sources */,
				3EA997A22E156ACD00F8C774 /* NotificationBell.swift in Sources */,
				3EA997A32E156ACD00F8C774 /* LocationManager.swift in Sources */,
				3EA997A42E156ACD00F8C774 /* AuthManager.swift in Sources */,
				3EA997A52E156ACD00F8C774 /* FeedView.swift in Sources */,
				3EA997A62E156ACD00F8C774 /* TaskCompletionViewModel.swift in Sources */,
				3EA997A72E156ACD00F8C774 /* TaskRatingView.swift in Sources */,
				3EA997A82E156ACD00F8C774 /* PhoneAuthViewModel.swift in Sources */,
				3EA997A92E156ACD00F8C774 /* MapViewModel.swift in Sources */,
				3EA997AA2E156ACD00F8C774 /* EmailSignUpView.swift in Sources */,
				3EA997AB2E156ACD00F8C774 /* ContentView.swift in Sources */,
				3EA997AC2E156ACD00F8C774 /* APIService.swift in Sources */,
				3EA997AD2E156ACD00F8C774 /* SignInView.swift in Sources */,
				3EA997AE2E156ACD00F8C774 /* TestingUtils.swift in Sources */,
				3EA997AF2E156ACD00F8C774 /* CreatePostViewModel.swift in Sources */,
				3EA997B02E156ACD00F8C774 /* AnimatedComponents.swift in Sources */,
				3EA997B12E156ACD00F8C774 /* Persistence.swift in Sources */,
				3EA997B22E156ACD00F8C774 /* FeedFilter.swift in Sources */,
				3EA997B32E156ACD00F8C774 /* ModernUIComponents.swift in Sources */,
				3EA997B42E156ACD00F8C774 /* DesignSystem.swift in Sources */,
				3EA997B52E156ACD00F8C774 /* OnboardingContainerView.swift in Sources */,
				3EA997B62E156ACD00F8C774 /* GamifiedPostDetailView.swift in Sources */,
				3EA997B72E156ACD00F8C774 /* Post.swift in Sources */,
				3EA997B82E156ACD00F8C774 /* AuthenticationView.swift in Sources */,
				3EA997B92E156ACD00F8C774 /* MapView.swift in Sources */,
				3EA997BA2E156ACD00F8C774 /* ProfileView.swift in Sources */,
				3EA997BB2E156ACD00F8C774 /* ChatListViewModel.swift in Sources */,
				3EA997BC2E156ACD00F8C774 /* User.swift in Sources */,
				3EA997BD2E156ACD00F8C774 /* MapLegend.swift in Sources */,
			);
			runOnlyForDeploymentPostprocessing = 0;
		};
		3E80EF972E02264F007AA9BE /* Sources */ = {
			isa = PBXSourcesBuildPhase;
			buildActionMask = 2147483647;
			files = (
			);
			runOnlyForDeploymentPostprocessing = 0;
		};
		3E80EFA12E02264F007AA9BE /* Sources */ = {
			isa = PBXSourcesBuildPhase;
			buildActionMask = 2147483647;
			files = (
			);
			runOnlyForDeploymentPostprocessing = 0;
		};
/* End PBXSourcesBuildPhase section */

/* Begin PBXTargetDependency section */
		3E80EF9D2E02264F007AA9BE /* PBXTargetDependency */ = {
			isa = PBXTargetDependency;
			target = 3E80EF842E02264D007AA9BE /* Karma Farm */;
			targetProxy = 3E80EF9C2E02264F007AA9BE /* PBXContainerItemProxy */;
		};
		3E80EFA72E02264F007AA9BE /* PBXTargetDependency */ = {
			isa = PBXTargetDependency;
			target = 3E80EF842E02264D007AA9BE /* Karma Farm */;
			targetProxy = 3E80EFA62E02264F007AA9BE /* PBXContainerItemProxy */;
		};
/* End PBXTargetDependency section */

/* Begin XCBuildConfiguration section */
		3E80EFAD2E02264F007AA9BE /* Debug */ = {
			isa = XCBuildConfiguration;
			buildSettings = {
				ALWAYS_SEARCH_USER_PATHS = NO;
				ASSETCATALOG_COMPILER_GENERATE_SWIFT_ASSET_SYMBOL_EXTENSIONS = YES;
				CLANG_ANALYZER_NONNULL = YES;
				CLANG_ANALYZER_NUMBER_OBJECT_CONVERSION = YES_AGGRESSIVE;
				CLANG_CXX_LANGUAGE_STANDARD = "gnu++20";
				CLANG_ENABLE_MODULES = YES;
				CLANG_ENABLE_OBJC_ARC = YES;
				CLANG_ENABLE_OBJC_WEAK = YES;
				CLANG_WARN_BLOCK_CAPTURE_AUTORELEASING = YES;
				CLANG_WARN_BOOL_CONVERSION = YES;
				CLANG_WARN_COMMA = YES;
				CLANG_WARN_CONSTANT_CONVERSION = YES;
				CLANG_WARN_DEPRECATED_OBJC_IMPLEMENTATIONS = YES;
				CLANG_WARN_DIRECT_OBJC_ISA_USAGE = YES_ERROR;
				CLANG_WARN_DOCUMENTATION_COMMENTS = YES;
				CLANG_WARN_EMPTY_BODY = YES;
				CLANG_WARN_ENUM_CONVERSION = YES;
				CLANG_WARN_INFINITE_RECURSION = YES;
				CLANG_WARN_INT_CONVERSION = YES;
				CLANG_WARN_NON_LITERAL_NULL_CONVERSION = YES;
				CLANG_WARN_OBJC_IMPLICIT_RETAIN_SELF = YES;
				CLANG_WARN_OBJC_LITERAL_CONVERSION = YES;
				CLANG_WARN_OBJC_ROOT_CLASS = YES_ERROR;
				CLANG_WARN_QUOTED_INCLUDE_IN_FRAMEWORK_HEADER = YES;
				CLANG_WARN_RANGE_LOOP_ANALYSIS = YES;
				CLANG_WARN_STRICT_PROTOTYPES = YES;
				CLANG_WARN_SUSPICIOUS_MOVE = YES;
				CLANG_WARN_UNGUARDED_AVAILABILITY = YES_AGGRESSIVE;
				CLANG_WARN_UNREACHABLE_CODE = YES;
				CLANG_WARN__DUPLICATE_METHOD_MATCH = YES;
				COPY_PHASE_STRIP = NO;
				DEBUG_INFORMATION_FORMAT = dwarf;
				ENABLE_STRICT_OBJC_MSGSEND = YES;
				ENABLE_TESTABILITY = YES;
				ENABLE_USER_SCRIPT_SANDBOXING = YES;
				GCC_C_LANGUAGE_STANDARD = gnu17;
				GCC_DYNAMIC_NO_PIC = NO;
				GCC_NO_COMMON_BLOCKS = YES;
				GCC_OPTIMIZATION_LEVEL = 0;
				GCC_PREPROCESSOR_DEFINITIONS = (
					"DEBUG=1",
					"$(inherited)",
				);
				GCC_WARN_64_TO_32_BIT_CONVERSION = YES;
				GCC_WARN_ABOUT_RETURN_TYPE = YES_ERROR;
				GCC_WARN_UNDECLARED_SELECTOR = YES;
				GCC_WARN_UNINITIALIZED_AUTOS = YES_AGGRESSIVE;
				GCC_WARN_UNUSED_FUNCTION = YES;
				GCC_WARN_UNUSED_VARIABLE = YES;
				LOCALIZATION_PREFERS_STRING_CATALOGS = YES;
				MTL_ENABLE_DEBUG_INFO = INCLUDE_SOURCE;
				MTL_FAST_MATH = YES;
				ONLY_ACTIVE_ARCH = YES;
				SWIFT_ACTIVE_COMPILATION_CONDITIONS = "DEBUG $(inherited)";
				SWIFT_OPTIMIZATION_LEVEL = "-Onone";
			};
			name = Debug;
		};
		3E80EFAE2E02264F007AA9BE /* Release */ = {
			isa = XCBuildConfiguration;
			buildSettings = {
				ALWAYS_SEARCH_USER_PATHS = NO;
				ASSETCATALOG_COMPILER_GENERATE_SWIFT_ASSET_SYMBOL_EXTENSIONS = YES;
				CLANG_ANALYZER_NONNULL = YES;
				CLANG_ANALYZER_NUMBER_OBJECT_CONVERSION = YES_AGGRESSIVE;
				CLANG_CXX_LANGUAGE_STANDARD = "gnu++20";
				CLANG_ENABLE_MODULES = YES;
				CLANG_ENABLE_OBJC_ARC = YES;
				CLANG_ENABLE_OBJC_WEAK = YES;
				CLANG_WARN_BLOCK_CAPTURE_AUTORELEASING = YES;
				CLANG_WARN_BOOL_CONVERSION = YES;
				CLANG_WARN_COMMA = YES;
				CLANG_WARN_CONSTANT_CONVERSION = YES;
				CLANG_WARN_DEPRECATED_OBJC_IMPLEMENTATIONS = YES;
				CLANG_WARN_DIRECT_OBJC_ISA_USAGE = YES_ERROR;
				CLANG_WARN_DOCUMENTATION_COMMENTS = YES;
				CLANG_WARN_EMPTY_BODY = YES;
				CLANG_WARN_ENUM_CONVERSION = YES;
				CLANG_WARN_INFINITE_RECURSION = YES;
				CLANG_WARN_INT_CONVERSION = YES;
				CLANG_WARN_NON_LITERAL_NULL_CONVERSION = YES;
				CLANG_WARN_OBJC_IMPLICIT_RETAIN_SELF = YES;
				CLANG_WARN_OBJC_LITERAL_CONVERSION = YES;
				CLANG_WARN_OBJC_ROOT_CLASS = YES_ERROR;
				CLANG_WARN_QUOTED_INCLUDE_IN_FRAMEWORK_HEADER = YES;
				CLANG_WARN_RANGE_LOOP_ANALYSIS = YES;
				CLANG_WARN_STRICT_PROTOTYPES = YES;
				CLANG_WARN_SUSPICIOUS_MOVE = YES;
				CLANG_WARN_UNGUARDED_AVAILABILITY = YES_AGGRESSIVE;
				CLANG_WARN_UNREACHABLE_CODE = YES;
				CLANG_WARN__DUPLICATE_METHOD_MATCH = YES;
				COPY_PHASE_STRIP = NO;
				DEBUG_INFORMATION_FORMAT = "dwarf-with-dsym";
				ENABLE_NS_ASSERTIONS = NO;
				ENABLE_STRICT_OBJC_MSGSEND = YES;
				ENABLE_USER_SCRIPT_SANDBOXING = YES;
				GCC_C_LANGUAGE_STANDARD = gnu17;
				GCC_NO_COMMON_BLOCKS = YES;
				GCC_WARN_64_TO_32_BIT_CONVERSION = YES;
				GCC_WARN_ABOUT_RETURN_TYPE = YES_ERROR;
				GCC_WARN_UNDECLARED_SELECTOR = YES;
				GCC_WARN_UNINITIALIZED_AUTOS = YES_AGGRESSIVE;
				GCC_WARN_UNUSED_FUNCTION = YES;
				GCC_WARN_UNUSED_VARIABLE = YES;
				LOCALIZATION_PREFERS_STRING_CATALOGS = YES;
				MTL_ENABLE_DEBUG_INFO = NO;
				MTL_FAST_MATH = YES;
				SWIFT_COMPILATION_MODE = wholemodule;
			};
			name = Release;
		};
		3E80EFB02E02264F007AA9BE /* Debug */ = {
			isa = XCBuildConfiguration;
			buildSettings = {
				ASSETCATALOG_COMPILER_APPICON_NAME = AppIcon;
				ASSETCATALOG_COMPILER_GLOBAL_ACCENT_COLOR_NAME = AccentColor;
				CODE_SIGN_ENTITLEMENTS = "Karma Farm/Karma_Farm.entitlements";
				"CODE_SIGN_IDENTITY[sdk=macosx*]" = "Apple Development";
				CODE_SIGN_STYLE = Automatic;
				CURRENT_PROJECT_VERSION = 1;
				DEVELOPMENT_ASSET_PATHS = "\"Karma Farm/Preview Content\"";
				DEVELOPMENT_TEAM = 679K683SQ5;
				ENABLE_PREVIEWS = YES;
				GENERATE_INFOPLIST_FILE = YES;
				INFOPLIST_FILE = "Karma-Farm-Info.plist";
				INFOPLIST_KEY_CFBundleDisplayName = "Karma Farm";
				INFOPLIST_KEY_LSApplicationCategoryType = "public.app-category.social-networking";
				"INFOPLIST_KEY_UIApplicationSceneManifest_Generation[sdk=iphoneos*]" = YES;
				"INFOPLIST_KEY_UIApplicationSceneManifest_Generation[sdk=iphonesimulator*]" = YES;
				"INFOPLIST_KEY_UIApplicationSupportsIndirectInputEvents[sdk=iphoneos*]" = YES;
				"INFOPLIST_KEY_UIApplicationSupportsIndirectInputEvents[sdk=iphonesimulator*]" = YES;
				"INFOPLIST_KEY_UILaunchScreen_Generation[sdk=iphoneos*]" = YES;
				"INFOPLIST_KEY_UILaunchScreen_Generation[sdk=iphonesimulator*]" = YES;
				"INFOPLIST_KEY_UIStatusBarStyle[sdk=iphoneos*]" = UIStatusBarStyleDefault;
				"INFOPLIST_KEY_UIStatusBarStyle[sdk=iphonesimulator*]" = UIStatusBarStyleDefault;
				INFOPLIST_KEY_UISupportedInterfaceOrientations_iPad = "UIInterfaceOrientationPortrait UIInterfaceOrientationPortraitUpsideDown UIInterfaceOrientationLandscapeLeft UIInterfaceOrientationLandscapeRight";
				INFOPLIST_KEY_UISupportedInterfaceOrientations_iPhone = "UIInterfaceOrientationPortrait UIInterfaceOrientationLandscapeLeft UIInterfaceOrientationLandscapeRight";
				IPHONEOS_DEPLOYMENT_TARGET = 17.6;
				LD_RUNPATH_SEARCH_PATHS = "@executable_path/Frameworks";
				"LD_RUNPATH_SEARCH_PATHS[sdk=macosx*]" = "@executable_path/../Frameworks";
				MACOSX_DEPLOYMENT_TARGET = 14.5;
				MARKETING_VERSION = 1.0;
				PRODUCT_BUNDLE_IDENTIFIER = "com.tobiasfu.karma-farm";
				PRODUCT_NAME = "$(TARGET_NAME)";
				SDKROOT = auto;
				SUPPORTED_PLATFORMS = "iphoneos iphonesimulator macosx xros xrsimulator";
				SWIFT_EMIT_LOC_STRINGS = YES;
				SWIFT_VERSION = 5.0;
				TARGETED_DEVICE_FAMILY = "1,2,7";
				XROS_DEPLOYMENT_TARGET = 2.2;
			};
			name = Debug;
		};
		3E80EFB12E02264F007AA9BE /* Release */ = {
			isa = XCBuildConfiguration;
			buildSettings = {
				ASSETCATALOG_COMPILER_APPICON_NAME = AppIcon;
				ASSETCATALOG_COMPILER_GLOBAL_ACCENT_COLOR_NAME = AccentColor;
				CODE_SIGN_ENTITLEMENTS = "Karma Farm/Karma_Farm.entitlements";
				"CODE_SIGN_IDENTITY[sdk=macosx*]" = "Apple Development";
				CODE_SIGN_STYLE = Automatic;
				CURRENT_PROJECT_VERSION = 1;
				DEVELOPMENT_ASSET_PATHS = "\"Karma Farm/Preview Content\"";
				DEVELOPMENT_TEAM = 679K683SQ5;
				ENABLE_PREVIEWS = YES;
				GENERATE_INFOPLIST_FILE = YES;
				INFOPLIST_FILE = "Karma-Farm-Info.plist";
				INFOPLIST_KEY_CFBundleDisplayName = "Karma Farm";
				INFOPLIST_KEY_LSApplicationCategoryType = "public.app-category.social-networking";
				"INFOPLIST_KEY_UIApplicationSceneManifest_Generation[sdk=iphoneos*]" = YES;
				"INFOPLIST_KEY_UIApplicationSceneManifest_Generation[sdk=iphonesimulator*]" = YES;
				"INFOPLIST_KEY_UIApplicationSupportsIndirectInputEvents[sdk=iphoneos*]" = YES;
				"INFOPLIST_KEY_UIApplicationSupportsIndirectInputEvents[sdk=iphonesimulator*]" = YES;
				"INFOPLIST_KEY_UILaunchScreen_Generation[sdk=iphoneos*]" = YES;
				"INFOPLIST_KEY_UILaunchScreen_Generation[sdk=iphonesimulator*]" = YES;
				"INFOPLIST_KEY_UIStatusBarStyle[sdk=iphoneos*]" = UIStatusBarStyleDefault;
				"INFOPLIST_KEY_UIStatusBarStyle[sdk=iphonesimulator*]" = UIStatusBarStyleDefault;
				INFOPLIST_KEY_UISupportedInterfaceOrientations_iPad = "UIInterfaceOrientationPortrait UIInterfaceOrientationPortraitUpsideDown UIInterfaceOrientationLandscapeLeft UIInterfaceOrientationLandscapeRight";
				INFOPLIST_KEY_UISupportedInterfaceOrientations_iPhone = "UIInterfaceOrientationPortrait UIInterfaceOrientationLandscapeLeft UIInterfaceOrientationLandscapeRight";
				IPHONEOS_DEPLOYMENT_TARGET = 17.6;
				LD_RUNPATH_SEARCH_PATHS = "@executable_path/Frameworks";
				"LD_RUNPATH_SEARCH_PATHS[sdk=macosx*]" = "@executable_path/../Frameworks";
				MACOSX_DEPLOYMENT_TARGET = 14.5;
				MARKETING_VERSION = 1.0;
				PRODUCT_BUNDLE_IDENTIFIER = "com.tobiasfu.karma-farm";
				PRODUCT_NAME = "$(TARGET_NAME)";
				SDKROOT = auto;
				SUPPORTED_PLATFORMS = "iphoneos iphonesimulator macosx xros xrsimulator";
				SWIFT_EMIT_LOC_STRINGS = YES;
				SWIFT_VERSION = 5.0;
				TARGETED_DEVICE_FAMILY = "1,2,7";
				XROS_DEPLOYMENT_TARGET = 2.2;
			};
			name = Release;
		};
		3E80EFB32E02264F007AA9BE /* Debug */ = {
			isa = XCBuildConfiguration;
			buildSettings = {
				BUNDLE_LOADER = "$(TEST_HOST)";
				CODE_SIGN_STYLE = Automatic;
				CURRENT_PROJECT_VERSION = 1;
				GENERATE_INFOPLIST_FILE = YES;
				IPHONEOS_DEPLOYMENT_TARGET = 18.2;
				MACOSX_DEPLOYMENT_TARGET = 14.5;
				MARKETING_VERSION = 1.0;
				PRODUCT_BUNDLE_IDENTIFIER = "com.tobiasfu.Karma-FarmTests";
				PRODUCT_NAME = "$(TARGET_NAME)";
				SDKROOT = auto;
				SUPPORTED_PLATFORMS = "iphoneos iphonesimulator macosx xros xrsimulator";
				SWIFT_EMIT_LOC_STRINGS = NO;
				SWIFT_VERSION = 5.0;
				TARGETED_DEVICE_FAMILY = "1,2,7";
				TEST_HOST = "$(BUILT_PRODUCTS_DIR)/Karma Farm.app/$(BUNDLE_EXECUTABLE_FOLDER_PATH)/Karma Farm";
				XROS_DEPLOYMENT_TARGET = 2.2;
			};
			name = Debug;
		};
		3E80EFB42E02264F007AA9BE /* Release */ = {
			isa = XCBuildConfiguration;
			buildSettings = {
				BUNDLE_LOADER = "$(TEST_HOST)";
				CODE_SIGN_STYLE = Automatic;
				CURRENT_PROJECT_VERSION = 1;
				GENERATE_INFOPLIST_FILE = YES;
				IPHONEOS_DEPLOYMENT_TARGET = 18.2;
				MACOSX_DEPLOYMENT_TARGET = 14.5;
				MARKETING_VERSION = 1.0;
				PRODUCT_BUNDLE_IDENTIFIER = "com.tobiasfu.Karma-FarmTests";
				PRODUCT_NAME = "$(TARGET_NAME)";
				SDKROOT = auto;
				SUPPORTED_PLATFORMS = "iphoneos iphonesimulator macosx xros xrsimulator";
				SWIFT_EMIT_LOC_STRINGS = NO;
				SWIFT_VERSION = 5.0;
				TARGETED_DEVICE_FAMILY = "1,2,7";
				TEST_HOST = "$(BUILT_PRODUCTS_DIR)/Karma Farm.app/$(BUNDLE_EXECUTABLE_FOLDER_PATH)/Karma Farm";
				XROS_DEPLOYMENT_TARGET = 2.2;
			};
			name = Release;
		};
		3E80EFB62E02264F007AA9BE /* Debug */ = {
			isa = XCBuildConfiguration;
			buildSettings = {
				CODE_SIGN_STYLE = Automatic;
				CURRENT_PROJECT_VERSION = 1;
				GENERATE_INFOPLIST_FILE = YES;
				IPHONEOS_DEPLOYMENT_TARGET = 18.2;
				MACOSX_DEPLOYMENT_TARGET = 14.5;
				MARKETING_VERSION = 1.0;
				PRODUCT_BUNDLE_IDENTIFIER = "com.tobiasfu.Karma-FarmUITests";
				PRODUCT_NAME = "$(TARGET_NAME)";
				SDKROOT = auto;
				SUPPORTED_PLATFORMS = "iphoneos iphonesimulator macosx xros xrsimulator";
				SWIFT_EMIT_LOC_STRINGS = NO;
				SWIFT_VERSION = 5.0;
				TARGETED_DEVICE_FAMILY = "1,2,7";
				TEST_TARGET_NAME = "Karma Farm";
				XROS_DEPLOYMENT_TARGET = 2.2;
			};
			name = Debug;
		};
		3E80EFB72E02264F007AA9BE /* Release */ = {
			isa = XCBuildConfiguration;
			buildSettings = {
				CODE_SIGN_STYLE = Automatic;
				CURRENT_PROJECT_VERSION = 1;
				GENERATE_INFOPLIST_FILE = YES;
				IPHONEOS_DEPLOYMENT_TARGET = 18.2;
				MACOSX_DEPLOYMENT_TARGET = 14.5;
				MARKETING_VERSION = 1.0;
				PRODUCT_BUNDLE_IDENTIFIER = "com.tobiasfu.Karma-FarmUITests";
				PRODUCT_NAME = "$(TARGET_NAME)";
				SDKROOT = auto;
				SUPPORTED_PLATFORMS = "iphoneos iphonesimulator macosx xros xrsimulator";
				SWIFT_EMIT_LOC_STRINGS = NO;
				SWIFT_VERSION = 5.0;
				TARGETED_DEVICE_FAMILY = "1,2,7";
				TEST_TARGET_NAME = "Karma Farm";
				XROS_DEPLOYMENT_TARGET = 2.2;
			};
			name = Release;
		};
/* End XCBuildConfiguration section */

/* Begin XCConfigurationList section */
		3E80EF802E02264D007AA9BE /* Build configuration list for PBXProject "Karma Farm" */ = {
			isa = XCConfigurationList;
			buildConfigurations = (
				3E80EFAD2E02264F007AA9BE /* Debug */,
				3E80EFAE2E02264F007AA9BE /* Release */,
			);
			defaultConfigurationIsVisible = 0;
			defaultConfigurationName = Release;
		};
		3E80EFAF2E02264F007AA9BE /* Build configuration list for PBXNativeTarget "Karma Farm" */ = {
			isa = XCConfigurationList;
			buildConfigurations = (
				3E80EFB02E02264F007AA9BE /* Debug */,
				3E80EFB12E02264F007AA9BE /* Release */,
			);
			defaultConfigurationIsVisible = 0;
			defaultConfigurationName = Release;
		};
		3E80EFB22E02264F007AA9BE /* Build configuration list for PBXNativeTarget "Karma FarmTests" */ = {
			isa = XCConfigurationList;
			buildConfigurations = (
				3E80EFB32E02264F007AA9BE /* Debug */,
				3E80EFB42E02264F007AA9BE /* Release */,
			);
			defaultConfigurationIsVisible = 0;
			defaultConfigurationName = Release;
		};
		3E80EFB52E02264F007AA9BE /* Build configuration list for PBXNativeTarget "Karma FarmUITests" */ = {
			isa = XCConfigurationList;
			buildConfigurations = (
				3E80EFB62E02264F007AA9BE /* Debug */,
				3E80EFB72E02264F007AA9BE /* Release */,
			);
			defaultConfigurationIsVisible = 0;
			defaultConfigurationName = Release;
		};
/* End XCConfigurationList section */

/* Begin XCRemoteSwiftPackageReference section */
		3E7E708C2E022FC500E5E93F /* XCRemoteSwiftPackageReference "firebase-ios-sdk" */ = {
			isa = XCRemoteSwiftPackageReference;
			repositoryURL = "https://github.com/firebase/firebase-ios-sdk";
			requirement = {
				kind = upToNextMinorVersion;
				minimumVersion = 11.14.0;
			};
		};
		3E7E70972E02344C00E5E93F /* XCRemoteSwiftPackageReference "IQKeyboardManager" */ = {
			isa = XCRemoteSwiftPackageReference;
			repositoryURL = "https://github.com/hackiftekhar/IQKeyboardManager";
			requirement = {
				kind = upToNextMajorVersion;
				minimumVersion = 8.0.1;
			};
		};
		3E7E70C02E02529400E5E93F /* XCRemoteSwiftPackageReference "Alamofire" */ = {
			isa = XCRemoteSwiftPackageReference;
			repositoryURL = "https://github.com/Alamofire/Alamofire";
			requirement = {
				kind = upToNextMinorVersion;
				minimumVersion = 5.10.2;
			};
		};
/* End XCRemoteSwiftPackageReference section */

/* Begin XCSwiftPackageProductDependency section */
		3E7E708D2E022FC500E5E93F /* FirebaseAuth */ = {
			isa = XCSwiftPackageProductDependency;
			package = 3E7E708C2E022FC500E5E93F /* XCRemoteSwiftPackageReference "firebase-ios-sdk" */;
			productName = FirebaseAuth;
		};
		3E7E70B92E024E7D00E5E93F /* IQKeyboardManagerSwift */ = {
			isa = XCSwiftPackageProductDependency;
			package = 3E7E70972E02344C00E5E93F /* XCRemoteSwiftPackageReference "IQKeyboardManager" */;
			productName = IQKeyboardManagerSwift;
		};
		3E7E70C12E02529400E5E93F /* Alamofire */ = {
			isa = XCSwiftPackageProductDependency;
			package = 3E7E70C02E02529400E5E93F /* XCRemoteSwiftPackageReference "Alamofire" */;
			productName = Alamofire;
		};
/* End XCSwiftPackageProductDependency section */

/* Begin XCVersionGroup section */
		3EA997882E156ACD00F8C774 /* Karma_Farm.xcdatamodeld */ = {
			isa = XCVersionGroup;
			children = (
				3EA9978B2E156ACD00F8C774 /* Karma_Farm.xcdatamodel */,
			);
			currentVersion = 3EA9978B2E156ACD00F8C774 /* Karma_Farm.xcdatamodel */;
			path = Karma_Farm.xcdatamodeld;
			sourceTree = "<group>";
			versionGroupType = wrapper.xcdatamodel;
		};
/* End XCVersionGroup section */
	};
	rootObject = 3E80EF7D2E02264D007AA9BE /* Project object */;
}
